{
  "version": 4,
  "terraform_version": "1.6.5",
  "serial": 59,
  "lineage": "3fef6c6d-ffcf-d31f-392b-cd26d55795f8",
  "outputs": {
    "sas": {
      "value": "https://webstore566565637.blob.core.windows.net/logs?sv=2018-11-09\u0026sr=c\u0026st=2022-06-01\u0026se=2022-06-30\u0026sp=rawdl\u0026spr=https\u0026sig=mihPAz1my6hjevjORDXK05ndwObp1MpV4%2Fzz%2FHklQYo%3D",
      "type": "string"
    }
  },
  "resources": [
    {
      "mode": "data",
      "type": "azurerm_storage_account_blob_container_sas",
      "name": "accountsas",
      "provider": "provider[\"registry.terraform.io/hashicorp/azurerm\"]",
      "instances": [
        {
          "schema_version": 0,
          "attributes": {
            "cache_control": null,
            "connection_string": "DefaultEndpointsProtocol=https;AccountName=webstore566565637;AccountKey=S1uFOnaqC8Se2eoMYydNhLbG6GdcRoBw1wGdbZVL/Zwit6ms8NnbQBkZd0l/8qv0U94ki6FQh8Bx+AStZa2g6A==;EndpointSuffix=core.windows.net",
            "container_name": "logs",
            "content_disposition": null,
            "content_encoding": null,
            "content_language": null,
            "content_type": null,
            "expiry": "2022-06-30",
            "https_only": true,
            "id": "8aae0db9ddf1825ba56b9871bffcd832154e04052150da7107e905cb16ad3c11",
            "ip_address": null,
            "permissions": [
              {
                "add": true,
                "create": false,
                "delete": true,
                "list": true,
                "read": true,
                "write": true
              }
            ],
            "sas": "?sv=2018-11-09\u0026sr=c\u0026st=2022-06-01\u0026se=2022-06-30\u0026sp=rawdl\u0026spr=https\u0026sig=mihPAz1my6hjevjORDXK05ndwObp1MpV4%2Fzz%2FHklQYo%3D",
            "start": "2022-06-01",
            "timeouts": null
          },
          "sensitive_attributes": [
            [
              {
                "type": "get_attr",
                "value": "connection_string"
              }
            ]
          ]
        }
      ]
    },
    {
      "mode": "managed",
      "type": "azurerm_log_analytics_workspace",
      "name": "dbworkspace",
      "provider": "provider[\"registry.terraform.io/hashicorp/azurerm\"]",
      "instances": [
        {
          "schema_version": 3,
          "attributes": {
            "allow_resource_only_permissions": true,
            "cmk_for_query_forced": false,
            "daily_quota_gb": -1,
            "data_collection_rule_id": "",
            "id": "/subscriptions/84b59ae2-aea4-4beb-9c05-8aec97896af8/resourceGroups/app-grp/providers/Microsoft.OperationalInsights/workspaces/dbworkspace80089",
            "identity": [],
            "internet_ingestion_enabled": true,
            "internet_query_enabled": true,
            "local_authentication_disabled": false,
            "location": "northeurope",
            "name": "dbworkspace80089",
            "primary_shared_key": "GUMRaHU7fKwA3K8Vy0FccvuVxTalBB/LwaeFvynrKs8sbrjy/IWjkyDBdaUQisYzq6+NwDAp4XhUHSqdBmRWkg==",
            "reservation_capacity_in_gb_per_day": null,
            "resource_group_name": "app-grp",
            "retention_in_days": 30,
            "secondary_shared_key": "Vt5AR1fHpMseMWqwfcGJl76X2ayrfCqcsH/e0VUuHfU2nYRdHuixAKZ40P629NunUW9dUPuaR4gUKyv4jfcC7w==",
            "sku": "PerGB2018",
            "tags": {},
            "timeouts": null,
            "workspace_id": "ecb419ea-e00d-4913-b5d3-6779746024ae"
          },
          "sensitive_attributes": [],
          "private": "eyJlMmJmYjczMC1lY2FhLTExZTYtOGY4OC0zNDM2M2JjN2M0YzAiOnsiY3JlYXRlIjoxODAwMDAwMDAwMDAwLCJkZWxldGUiOjE4MDAwMDAwMDAwMDAsInJlYWQiOjMwMDAwMDAwMDAwMCwidXBkYXRlIjoxODAwMDAwMDAwMDAwfSwic2NoZW1hX3ZlcnNpb24iOiIzIn0=",
          "dependencies": [
            "azurerm_resource_group.appgrp"
          ]
        }
      ]
    },
    {
      "mode": "managed",
      "type": "azurerm_monitor_diagnostic_setting",
      "name": "diagnosticsetting",
      "provider": "provider[\"registry.terraform.io/hashicorp/azurerm\"]",
      "instances": [
        {
          "schema_version": 0,
          "attributes": {
            "enabled_log": [
              {
                "category": "SQLSecurityAuditEvents",
                "category_group": "",
                "retention_policy": [
                  {
                    "days": 0,
                    "enabled": false
                  }
                ]
              }
            ],
            "eventhub_authorization_rule_id": "",
            "eventhub_name": "",
            "id": "/subscriptions/84b59ae2-aea4-4beb-9c05-8aec97896af8/resourceGroups/app-grp/providers/Microsoft.Sql/servers/sqlserver400908/databases/appdb|appdb-setting",
            "log": [
              {
                "category": "SQLSecurityAuditEvents",
                "category_group": null,
                "enabled": true,
                "retention_policy": [
                  {
                    "days": null,
                    "enabled": false
                  }
                ]
              }
            ],
            "log_analytics_destination_type": "",
            "log_analytics_workspace_id": "/subscriptions/84b59ae2-aea4-4beb-9c05-8aec97896af8/resourceGroups/app-grp/providers/Microsoft.OperationalInsights/workspaces/dbworkspace80089",
            "metric": [],
            "name": "appdb-setting",
            "partner_solution_id": null,
            "storage_account_id": null,
            "target_resource_id": "/subscriptions/84b59ae2-aea4-4beb-9c05-8aec97896af8/resourceGroups/app-grp/providers/Microsoft.Sql/servers/sqlserver400908/databases/appdb",
            "timeouts": null
          },
          "sensitive_attributes": [],
          "private": "eyJlMmJmYjczMC1lY2FhLTExZTYtOGY4OC0zNDM2M2JjN2M0YzAiOnsiY3JlYXRlIjoxODAwMDAwMDAwMDAwLCJkZWxldGUiOjM2MDAwMDAwMDAwMDAsInJlYWQiOjMwMDAwMDAwMDAwMCwidXBkYXRlIjoxODAwMDAwMDAwMDAwfX0=",
          "dependencies": [
            "azurerm_log_analytics_workspace.dbworkspace",
            "azurerm_mssql_database.appdb",
            "azurerm_mssql_server.sqlserver",
            "azurerm_resource_group.appgrp"
          ]
        }
      ]
    },
    {
      "mode": "managed",
      "type": "azurerm_mssql_database",
      "name": "appdb",
      "provider": "provider[\"registry.terraform.io/hashicorp/azurerm\"]",
      "instances": [
        {
          "schema_version": 1,
          "attributes": {
            "auto_pause_delay_in_minutes": 0,
            "collation": "SQL_Latin1_General_CP1_CI_AS",
            "create_mode": "Default",
            "creation_source_database_id": null,
            "elastic_pool_id": "",
            "geo_backup_enabled": true,
            "id": "/subscriptions/84b59ae2-aea4-4beb-9c05-8aec97896af8/resourceGroups/app-grp/providers/Microsoft.Sql/servers/sqlserver400908/databases/appdb",
            "import": [],
            "ledger_enabled": false,
            "license_type": "LicenseIncluded",
            "long_term_retention_policy": [
              {
                "monthly_retention": "PT0S",
                "week_of_year": 1,
                "weekly_retention": "PT0S",
                "yearly_retention": "PT0S"
              }
            ],
            "maintenance_configuration_name": "SQL_Default",
            "max_size_gb": 2,
            "min_capacity": 0,
            "name": "appdb",
            "read_replica_count": 0,
            "read_scale": false,
            "recover_database_id": null,
            "restore_dropped_database_id": null,
            "restore_point_in_time": null,
            "sample_name": null,
            "server_id": "/subscriptions/84b59ae2-aea4-4beb-9c05-8aec97896af8/resourceGroups/app-grp/providers/Microsoft.Sql/servers/sqlserver400908",
            "short_term_retention_policy": [
              {
                "backup_interval_in_hours": 24,
                "retention_days": 7
              }
            ],
            "sku_name": "S0",
            "storage_account_type": "Geo",
            "tags": {},
            "threat_detection_policy": [
              {
                "disabled_alerts": [],
                "email_account_admins": "Disabled",
                "email_addresses": [],
                "retention_days": 0,
                "state": "Disabled",
                "storage_account_access_key": "",
                "storage_endpoint": ""
              }
            ],
            "timeouts": null,
            "transparent_data_encryption_enabled": true,
            "zone_redundant": false
          },
          "sensitive_attributes": [],
          "private": "eyJlMmJmYjczMC1lY2FhLTExZTYtOGY4OC0zNDM2M2JjN2M0YzAiOnsiY3JlYXRlIjozNjAwMDAwMDAwMDAwLCJkZWxldGUiOjM2MDAwMDAwMDAwMDAsInJlYWQiOjMwMDAwMDAwMDAwMCwidXBkYXRlIjozNjAwMDAwMDAwMDAwfSwic2NoZW1hX3ZlcnNpb24iOiIxIn0=",
          "dependencies": [
            "azurerm_mssql_server.sqlserver",
            "azurerm_resource_group.appgrp"
          ]
        }
      ]
    },
    {
      "mode": "managed",
      "type": "azurerm_mssql_database",
      "name": "newdb",
      "provider": "provider[\"registry.terraform.io/hashicorp/azurerm\"]",
      "instances": [
        {
          "schema_version": 1,
          "attributes": {
            "auto_pause_delay_in_minutes": 0,
            "collation": "SQL_Latin1_General_CP1_CI_AS",
            "create_mode": "Default",
            "creation_source_database_id": null,
            "elastic_pool_id": "",
            "geo_backup_enabled": true,
            "id": "/subscriptions/84b59ae2-aea4-4beb-9c05-8aec97896af8/resourceGroups/app-grp/providers/Microsoft.Sql/servers/sqlserver400908/databases/newdb",
            "import": [],
            "ledger_enabled": false,
            "license_type": "LicenseIncluded",
            "long_term_retention_policy": [
              {
                "monthly_retention": "PT0S",
                "week_of_year": 1,
                "weekly_retention": "PT0S",
                "yearly_retention": "PT0S"
              }
            ],
            "maintenance_configuration_name": "SQL_Default",
            "max_size_gb": 2,
            "min_capacity": 0,
            "name": "newdb",
            "read_replica_count": 0,
            "read_scale": false,
            "recover_database_id": null,
            "restore_dropped_database_id": null,
            "restore_point_in_time": null,
            "sample_name": null,
            "server_id": "/subscriptions/84b59ae2-aea4-4beb-9c05-8aec97896af8/resourceGroups/app-grp/providers/Microsoft.Sql/servers/sqlserver400908",
            "short_term_retention_policy": [
              {
                "backup_interval_in_hours": 24,
                "retention_days": 7
              }
            ],
            "sku_name": "Basic",
            "storage_account_type": "Geo",
            "tags": {},
            "threat_detection_policy": [
              {
                "disabled_alerts": [],
                "email_account_admins": "Disabled",
                "email_addresses": [],
                "retention_days": 0,
                "state": "Disabled",
                "storage_account_access_key": "",
                "storage_endpoint": ""
              }
            ],
            "timeouts": null,
            "transparent_data_encryption_enabled": true,
            "zone_redundant": false
          },
          "sensitive_attributes": [],
          "private": "eyJlMmJmYjczMC1lY2FhLTExZTYtOGY4OC0zNDM2M2JjN2M0YzAiOnsiY3JlYXRlIjozNjAwMDAwMDAwMDAwLCJkZWxldGUiOjM2MDAwMDAwMDAwMDAsInJlYWQiOjMwMDAwMDAwMDAwMCwidXBkYXRlIjozNjAwMDAwMDAwMDAwfSwic2NoZW1hX3ZlcnNpb24iOiIxIn0=",
          "dependencies": [
            "azurerm_mssql_server.sqlserver",
            "azurerm_resource_group.appgrp"
          ]
        }
      ]
    },
    {
      "mode": "managed",
      "type": "azurerm_mssql_database_extended_auditing_policy",
      "name": "sqlauditing",
      "provider": "provider[\"registry.terraform.io/hashicorp/azurerm\"]",
      "instances": [
        {
          "schema_version": 0,
          "attributes": {
            "database_id": "/subscriptions/84b59ae2-aea4-4beb-9c05-8aec97896af8/resourceGroups/app-grp/providers/Microsoft.Sql/servers/sqlserver400908/databases/appdb",
            "enabled": true,
            "id": "/subscriptions/84b59ae2-aea4-4beb-9c05-8aec97896af8/resourceGroups/app-grp/providers/Microsoft.Sql/servers/sqlserver400908/databases/appdb/extendedAuditingSettings/Default",
            "log_monitoring_enabled": true,
            "retention_in_days": 0,
            "storage_account_access_key": null,
            "storage_account_access_key_is_secondary": false,
            "storage_endpoint": "",
            "timeouts": null
          },
          "sensitive_attributes": [],
          "private": "eyJlMmJmYjczMC1lY2FhLTExZTYtOGY4OC0zNDM2M2JjN2M0YzAiOnsiY3JlYXRlIjoxODAwMDAwMDAwMDAwLCJkZWxldGUiOjE4MDAwMDAwMDAwMDAsInJlYWQiOjMwMDAwMDAwMDAwMCwidXBkYXRlIjoxODAwMDAwMDAwMDAwfX0=",
          "dependencies": [
            "azurerm_mssql_database.appdb",
            "azurerm_mssql_server.sqlserver",
            "azurerm_resource_group.appgrp"
          ]
        }
      ]
    },
    {
      "mode": "managed",
      "type": "azurerm_mssql_firewall_rule",
      "name": "allowmyclient",
      "provider": "provider[\"registry.terraform.io/hashicorp/azurerm\"]",
      "instances": [
        {
          "schema_version": 0,
          "attributes": {
            "end_ip_address": "86.98.123.24",
            "id": "/subscriptions/84b59ae2-aea4-4beb-9c05-8aec97896af8/resourceGroups/app-grp/providers/Microsoft.Sql/servers/sqlserver400908/firewallRules/AllowClientIP",
            "name": "AllowClientIP",
            "server_id": "/subscriptions/84b59ae2-aea4-4beb-9c05-8aec97896af8/resourceGroups/app-grp/providers/Microsoft.Sql/servers/sqlserver400908",
            "start_ip_address": "86.98.123.24",
            "timeouts": null
          },
          "sensitive_attributes": [],
          "private": "eyJlMmJmYjczMC1lY2FhLTExZTYtOGY4OC0zNDM2M2JjN2M0YzAiOnsiY3JlYXRlIjoxODAwMDAwMDAwMDAwLCJkZWxldGUiOjE4MDAwMDAwMDAwMDAsInJlYWQiOjMwMDAwMDAwMDAwMCwidXBkYXRlIjoxODAwMDAwMDAwMDAwfX0=",
          "dependencies": [
            "azurerm_mssql_server.sqlserver",
            "azurerm_resource_group.appgrp"
          ]
        }
      ]
    },
    {
      "mode": "managed",
      "type": "azurerm_mssql_server",
      "name": "sqlserver",
      "provider": "provider[\"registry.terraform.io/hashicorp/azurerm\"]",
      "instances": [
        {
          "schema_version": 0,
          "attributes": {
            "administrator_login": "sqladmin",
            "administrator_login_password": "Azure@3456",
            "azuread_administrator": [],
            "connection_policy": "Default",
            "fully_qualified_domain_name": "sqlserver400908.database.windows.net",
            "id": "/subscriptions/84b59ae2-aea4-4beb-9c05-8aec97896af8/resourceGroups/app-grp/providers/Microsoft.Sql/servers/sqlserver400908",
            "identity": [],
            "location": "northeurope",
            "minimum_tls_version": "1.2",
            "name": "sqlserver400908",
            "outbound_network_restriction_enabled": false,
            "primary_user_assigned_identity_id": "",
            "public_network_access_enabled": true,
            "resource_group_name": "app-grp",
            "restorable_dropped_database_ids": [],
            "tags": {},
            "timeouts": null,
            "transparent_data_encryption_key_vault_key_id": "",
            "version": "12.0"
          },
          "sensitive_attributes": [],
          "private": "eyJlMmJmYjczMC1lY2FhLTExZTYtOGY4OC0zNDM2M2JjN2M0YzAiOnsiY3JlYXRlIjozNjAwMDAwMDAwMDAwLCJkZWxldGUiOjM2MDAwMDAwMDAwMDAsInJlYWQiOjMwMDAwMDAwMDAwMCwidXBkYXRlIjozNjAwMDAwMDAwMDAwfX0=",
          "dependencies": [
            "azurerm_resource_group.appgrp"
          ]
        }
      ]
    },
    {
      "mode": "managed",
      "type": "azurerm_mssql_virtual_machine",
      "name": "mssqlmachine",
      "provider": "provider[\"registry.terraform.io/hashicorp/azurerm\"]",
      "instances": [
        {
          "schema_version": 0,
          "attributes": {
            "assessment": [],
            "auto_backup": [],
            "auto_patching": [],
            "id": "/subscriptions/84b59ae2-aea4-4beb-9c05-8aec97896af8/resourceGroups/app-grp/providers/Microsoft.SqlVirtualMachine/sqlVirtualMachines/dbvm",
            "key_vault_credential": [],
            "r_services_enabled": false,
            "sql_connectivity_port": 1433,
            "sql_connectivity_type": "PUBLIC",
            "sql_connectivity_update_password": "Azure@1234",
            "sql_connectivity_update_username": "sqladmin",
            "sql_instance": [],
            "sql_license_type": "PAYG",
            "sql_virtual_machine_group_id": "",
            "storage_configuration": [],
            "tags": null,
            "timeouts": null,
            "virtual_machine_id": "/subscriptions/84b59ae2-aea4-4beb-9c05-8aec97896af8/resourceGroups/app-grp/providers/Microsoft.Compute/virtualMachines/dbvm",
            "wsfc_domain_credential": []
          },
          "sensitive_attributes": [],
          "private": "eyJlMmJmYjczMC1lY2FhLTExZTYtOGY4OC0zNDM2M2JjN2M0YzAiOnsiY3JlYXRlIjozNjAwMDAwMDAwMDAwLCJkZWxldGUiOjM2MDAwMDAwMDAwMDAsInJlYWQiOjMwMDAwMDAwMDAwMCwidXBkYXRlIjozNjAwMDAwMDAwMDAwfX0=",
          "dependencies": [
            "azurerm_network_interface.dbinterface",
            "azurerm_public_ip.dbip",
            "azurerm_resource_group.appgrp",
            "azurerm_subnet.dbsubnet",
            "azurerm_virtual_network.appnetwork",
            "azurerm_windows_virtual_machine.dbvm"
          ]
        }
      ]
    },
    {
      "mode": "managed",
      "type": "azurerm_network_interface",
      "name": "dbinterface",
      "provider": "provider[\"registry.terraform.io/hashicorp/azurerm\"]",
      "instances": [
        {
          "schema_version": 0,
          "attributes": {
            "applied_dns_servers": [],
            "auxiliary_mode": "",
            "auxiliary_sku": "",
            "dns_servers": [],
            "edge_zone": "",
            "enable_accelerated_networking": false,
            "enable_ip_forwarding": false,
            "id": "/subscriptions/84b59ae2-aea4-4beb-9c05-8aec97896af8/resourceGroups/app-grp/providers/Microsoft.Network/networkInterfaces/dbinterface",
            "internal_dns_name_label": "",
            "internal_domain_name_suffix": "qdbcjlwzswbufa12tazwfgvlph.fx.internal.cloudapp.net",
            "ip_configuration": [
              {
                "gateway_load_balancer_frontend_ip_configuration_id": "",
                "name": "internal",
                "primary": true,
                "private_ip_address": "10.0.1.4",
                "private_ip_address_allocation": "Dynamic",
                "private_ip_address_version": "IPv4",
                "public_ip_address_id": "/subscriptions/84b59ae2-aea4-4beb-9c05-8aec97896af8/resourceGroups/app-grp/providers/Microsoft.Network/publicIPAddresses/db-ip",
                "subnet_id": "/subscriptions/84b59ae2-aea4-4beb-9c05-8aec97896af8/resourceGroups/app-grp/providers/Microsoft.Network/virtualNetworks/app-network/subnets/dbsubnet"
              }
            ],
            "location": "northeurope",
            "mac_address": "",
            "name": "dbinterface",
            "private_ip_address": "10.0.1.4",
            "private_ip_addresses": [
              "10.0.1.4"
            ],
            "resource_group_name": "app-grp",
            "tags": null,
            "timeouts": null,
            "virtual_machine_id": ""
          },
          "sensitive_attributes": [],
          "private": "eyJlMmJmYjczMC1lY2FhLTExZTYtOGY4OC0zNDM2M2JjN2M0YzAiOnsiY3JlYXRlIjoxODAwMDAwMDAwMDAwLCJkZWxldGUiOjE4MDAwMDAwMDAwMDAsInJlYWQiOjMwMDAwMDAwMDAwMCwidXBkYXRlIjoxODAwMDAwMDAwMDAwfX0=",
          "dependencies": [
            "azurerm_public_ip.dbip",
            "azurerm_resource_group.appgrp",
            "azurerm_subnet.dbsubnet",
            "azurerm_virtual_network.appnetwork"
          ]
        }
      ]
    },
    {
      "mode": "managed",
      "type": "azurerm_network_security_group",
      "name": "dbnsg",
      "provider": "provider[\"registry.terraform.io/hashicorp/azurerm\"]",
      "instances": [
        {
          "schema_version": 0,
          "attributes": {
            "id": "/subscriptions/84b59ae2-aea4-4beb-9c05-8aec97896af8/resourceGroups/app-grp/providers/Microsoft.Network/networkSecurityGroups/db-nsg",
            "location": "northeurope",
            "name": "db-nsg",
            "resource_group_name": "app-grp",
            "security_rule": [
              {
                "access": "Allow",
                "description": "",
                "destination_address_prefix": "*",
                "destination_address_prefixes": [],
                "destination_application_security_group_ids": [],
                "destination_port_range": "1433",
                "destination_port_ranges": [],
                "direction": "Inbound",
                "name": "AllowSQL",
                "priority": 400,
                "protocol": "Tcp",
                "source_address_prefix": "*",
                "source_address_prefixes": [],
                "source_application_security_group_ids": [],
                "source_port_range": "*",
                "source_port_ranges": []
              },
              {
                "access": "Allow",
                "description": "",
                "destination_address_prefix": "*",
                "destination_address_prefixes": [],
                "destination_application_security_group_ids": [],
                "destination_port_range": "3389",
                "destination_port_ranges": [],
                "direction": "Inbound",
                "name": "AllowRDP",
                "priority": 300,
                "protocol": "Tcp",
                "source_address_prefix": "*",
                "source_address_prefixes": [],
                "source_application_security_group_ids": [],
                "source_port_range": "*",
                "source_port_ranges": []
              }
            ],
            "tags": null,
            "timeouts": null
          },
          "sensitive_attributes": [],
          "private": "eyJlMmJmYjczMC1lY2FhLTExZTYtOGY4OC0zNDM2M2JjN2M0YzAiOnsiY3JlYXRlIjoxODAwMDAwMDAwMDAwLCJkZWxldGUiOjE4MDAwMDAwMDAwMDAsInJlYWQiOjMwMDAwMDAwMDAwMCwidXBkYXRlIjoxODAwMDAwMDAwMDAwfX0=",
          "dependencies": [
            "azurerm_resource_group.appgrp",
            "azurerm_virtual_network.appnetwork"
          ]
        }
      ]
    },
    {
      "mode": "managed",
      "type": "azurerm_public_ip",
      "name": "dbip",
      "provider": "provider[\"registry.terraform.io/hashicorp/azurerm\"]",
      "instances": [
        {
          "schema_version": 0,
          "attributes": {
            "allocation_method": "Static",
            "ddos_protection_mode": "VirtualNetworkInherited",
            "ddos_protection_plan_id": null,
            "domain_name_label": null,
            "edge_zone": "",
            "fqdn": null,
            "id": "/subscriptions/84b59ae2-aea4-4beb-9c05-8aec97896af8/resourceGroups/app-grp/providers/Microsoft.Network/publicIPAddresses/db-ip",
            "idle_timeout_in_minutes": 4,
            "ip_address": "20.234.102.61",
            "ip_tags": null,
            "ip_version": "IPv4",
            "location": "northeurope",
            "name": "db-ip",
            "public_ip_prefix_id": null,
            "resource_group_name": "app-grp",
            "reverse_fqdn": null,
            "sku": "Basic",
            "sku_tier": "Regional",
            "tags": null,
            "timeouts": null,
            "zones": null
          },
          "sensitive_attributes": [],
          "private": "eyJlMmJmYjczMC1lY2FhLTExZTYtOGY4OC0zNDM2M2JjN2M0YzAiOnsiY3JlYXRlIjoxODAwMDAwMDAwMDAwLCJkZWxldGUiOjE4MDAwMDAwMDAwMDAsInJlYWQiOjMwMDAwMDAwMDAwMCwidXBkYXRlIjoxODAwMDAwMDAwMDAwfX0=",
          "dependencies": [
            "azurerm_resource_group.appgrp"
          ]
        }
      ]
    },
    {
      "mode": "managed",
      "type": "azurerm_resource_group",
      "name": "appgrp",
      "provider": "provider[\"registry.terraform.io/hashicorp/azurerm\"]",
      "instances": [
        {
          "schema_version": 0,
          "attributes": {
            "id": "/subscriptions/84b59ae2-aea4-4beb-9c05-8aec97896af8/resourceGroups/app-grp",
            "location": "northeurope",
            "managed_by": "",
            "name": "app-grp",
            "tags": {},
            "timeouts": null
          },
          "sensitive_attributes": [],
          "private": "eyJlMmJmYjczMC1lY2FhLTExZTYtOGY4OC0zNDM2M2JjN2M0YzAiOnsiY3JlYXRlIjo1NDAwMDAwMDAwMDAwLCJkZWxldGUiOjU0MDAwMDAwMDAwMDAsInJlYWQiOjMwMDAwMDAwMDAwMCwidXBkYXRlIjo1NDAwMDAwMDAwMDAwfX0="
        }
      ]
    },
    {
      "mode": "managed",
      "type": "azurerm_service_plan",
      "name": "companyplan",
      "provider": "provider[\"registry.terraform.io/hashicorp/azurerm\"]",
      "instances": [
        {
          "schema_version": 0,
          "attributes": {
            "app_service_environment_id": "",
            "id": "/subscriptions/84b59ae2-aea4-4beb-9c05-8aec97896af8/resourceGroups/app-grp/providers/Microsoft.Web/serverfarms/companyplan",
            "kind": "app",
            "location": "northeurope",
            "maximum_elastic_worker_count": 1,
            "name": "companyplan",
            "os_type": "Windows",
            "per_site_scaling_enabled": false,
            "reserved": false,
            "resource_group_name": "app-grp",
            "sku_name": "S1",
            "tags": {},
            "timeouts": null,
            "worker_count": 1,
            "zone_balancing_enabled": false
          },
          "sensitive_attributes": [],
          "private": "eyJlMmJmYjczMC1lY2FhLTExZTYtOGY4OC0zNDM2M2JjN2M0YzAiOnsiY3JlYXRlIjozNjAwMDAwMDAwMDAwLCJkZWxldGUiOjM2MDAwMDAwMDAwMDAsInJlYWQiOjMwMDAwMDAwMDAwMCwidXBkYXRlIjozNjAwMDAwMDAwMDAwfX0=",
          "dependencies": [
            "azurerm_resource_group.appgrp"
          ]
        }
      ]
    },
    {
      "mode": "managed",
      "type": "azurerm_storage_account",
      "name": "vmstore45776877",
      "provider": "provider[\"registry.terraform.io/hashicorp/azurerm\"]",
      "instances": [
        {
          "schema_version": 4,
          "attributes": {
            "access_tier": "Hot",
            "account_kind": "StorageV2",
            "account_replication_type": "LRS",
            "account_tier": "Standard",
            "allow_nested_items_to_be_public": true,
            "allowed_copy_scope": "",
            "azure_files_authentication": [],
            "blob_properties": [
              {
                "change_feed_enabled": false,
                "change_feed_retention_in_days": 0,
                "container_delete_retention_policy": [],
                "cors_rule": [],
                "default_service_version": "",
                "delete_retention_policy": [],
                "last_access_time_enabled": false,
                "restore_policy": [],
                "versioning_enabled": false
              }
            ],
            "cross_tenant_replication_enabled": true,
            "custom_domain": [],
            "customer_managed_key": [],
            "default_to_oauth_authentication": false,
            "edge_zone": "",
            "enable_https_traffic_only": true,
            "id": "/subscriptions/84b59ae2-aea4-4beb-9c05-8aec97896af8/resourceGroups/app-grp/providers/Microsoft.Storage/storageAccounts/vmstore45776877",
            "identity": [],
            "immutability_policy": [],
            "infrastructure_encryption_enabled": false,
            "is_hns_enabled": false,
            "large_file_share_enabled": null,
            "location": "northeurope",
            "min_tls_version": "TLS1_2",
            "name": "vmstore45776877",
            "network_rules": [
              {
                "bypass": [
                  "AzureServices"
                ],
                "default_action": "Allow",
                "ip_rules": [],
                "private_link_access": [],
                "virtual_network_subnet_ids": []
              }
            ],
            "nfsv3_enabled": false,
            "primary_access_key": "Uz309dMJgEViyxgSSIpXP5xS1vVQhP64bBNGfK+uokRqJXebReSNNcWKI/1pKpx5+FLPhUarzziC+AStmJqQxg==",
            "primary_blob_connection_string": "DefaultEndpointsProtocol=https;BlobEndpoint=https://vmstore45776877.blob.core.windows.net/;AccountName=vmstore45776877;AccountKey=Uz309dMJgEViyxgSSIpXP5xS1vVQhP64bBNGfK+uokRqJXebReSNNcWKI/1pKpx5+FLPhUarzziC+AStmJqQxg==",
            "primary_blob_endpoint": "https://vmstore45776877.blob.core.windows.net/",
            "primary_blob_host": "vmstore45776877.blob.core.windows.net",
            "primary_connection_string": "DefaultEndpointsProtocol=https;AccountName=vmstore45776877;AccountKey=Uz309dMJgEViyxgSSIpXP5xS1vVQhP64bBNGfK+uokRqJXebReSNNcWKI/1pKpx5+FLPhUarzziC+AStmJqQxg==;EndpointSuffix=core.windows.net",
            "primary_dfs_endpoint": "https://vmstore45776877.dfs.core.windows.net/",
            "primary_dfs_host": "vmstore45776877.dfs.core.windows.net",
            "primary_file_endpoint": "https://vmstore45776877.file.core.windows.net/",
            "primary_file_host": "vmstore45776877.file.core.windows.net",
            "primary_location": "northeurope",
            "primary_queue_endpoint": "https://vmstore45776877.queue.core.windows.net/",
            "primary_queue_host": "vmstore45776877.queue.core.windows.net",
            "primary_table_endpoint": "https://vmstore45776877.table.core.windows.net/",
            "primary_table_host": "vmstore45776877.table.core.windows.net",
            "primary_web_endpoint": "https://vmstore45776877.z16.web.core.windows.net/",
            "primary_web_host": "vmstore45776877.z16.web.core.windows.net",
            "public_network_access_enabled": true,
            "queue_encryption_key_type": "Service",
            "queue_properties": [
              {
                "cors_rule": [],
                "hour_metrics": [
                  {
                    "enabled": true,
                    "include_apis": true,
                    "retention_policy_days": 7,
                    "version": "1.0"
                  }
                ],
                "logging": [
                  {
                    "delete": false,
                    "read": false,
                    "retention_policy_days": 0,
                    "version": "1.0",
                    "write": false
                  }
                ],
                "minute_metrics": [
                  {
                    "enabled": false,
                    "include_apis": false,
                    "retention_policy_days": 0,
                    "version": "1.0"
                  }
                ]
              }
            ],
            "resource_group_name": "app-grp",
            "routing": [],
            "sas_policy": [],
            "secondary_access_key": "0t4HoQevVQOTKpyUPOduYdff63mNPxzY1RtffJsAQWfw+Ob5m5ctw4lA1LMQnVbhZATN7/Yy0zSH+AStGVd3VA==",
            "secondary_blob_connection_string": "",
            "secondary_blob_endpoint": null,
            "secondary_blob_host": null,
            "secondary_connection_string": "DefaultEndpointsProtocol=https;AccountName=vmstore45776877;AccountKey=0t4HoQevVQOTKpyUPOduYdff63mNPxzY1RtffJsAQWfw+Ob5m5ctw4lA1LMQnVbhZATN7/Yy0zSH+AStGVd3VA==;EndpointSuffix=core.windows.net",
            "secondary_dfs_endpoint": null,
            "secondary_dfs_host": null,
            "secondary_file_endpoint": null,
            "secondary_file_host": null,
            "secondary_location": "",
            "secondary_queue_endpoint": null,
            "secondary_queue_host": null,
            "secondary_table_endpoint": null,
            "secondary_table_host": null,
            "secondary_web_endpoint": null,
            "secondary_web_host": null,
            "sftp_enabled": false,
            "share_properties": [
              {
                "cors_rule": [],
                "retention_policy": [
                  {
                    "days": 7
                  }
                ],
                "smb": []
              }
            ],
            "shared_access_key_enabled": true,
            "static_website": [],
            "table_encryption_key_type": "Service",
            "tags": null,
            "timeouts": null
          },
          "sensitive_attributes": [],
          "private": "eyJlMmJmYjczMC1lY2FhLTExZTYtOGY4OC0zNDM2M2JjN2M0YzAiOnsiY3JlYXRlIjozNjAwMDAwMDAwMDAwLCJkZWxldGUiOjM2MDAwMDAwMDAwMDAsInJlYWQiOjMwMDAwMDAwMDAwMCwidXBkYXRlIjozNjAwMDAwMDAwMDAwfSwic2NoZW1hX3ZlcnNpb24iOiI0In0=",
          "dependencies": [
            "azurerm_resource_group.appgrp"
          ]
        }
      ]
    },
    {
      "mode": "managed",
      "type": "azurerm_storage_account",
      "name": "webstore566565637",
      "provider": "provider[\"registry.terraform.io/hashicorp/azurerm\"]",
      "instances": [
        {
          "schema_version": 4,
          "attributes": {
            "access_tier": "Hot",
            "account_kind": "StorageV2",
            "account_replication_type": "LRS",
            "account_tier": "Standard",
            "allow_nested_items_to_be_public": true,
            "allowed_copy_scope": "",
            "azure_files_authentication": [],
            "blob_properties": [
              {
                "change_feed_enabled": false,
                "change_feed_retention_in_days": 0,
                "container_delete_retention_policy": [],
                "cors_rule": [],
                "default_service_version": "",
                "delete_retention_policy": [],
                "last_access_time_enabled": false,
                "restore_policy": [],
                "versioning_enabled": false
              }
            ],
            "cross_tenant_replication_enabled": true,
            "custom_domain": [],
            "customer_managed_key": [],
            "default_to_oauth_authentication": false,
            "edge_zone": "",
            "enable_https_traffic_only": true,
            "id": "/subscriptions/84b59ae2-aea4-4beb-9c05-8aec97896af8/resourceGroups/app-grp/providers/Microsoft.Storage/storageAccounts/webstore566565637",
            "identity": [],
            "immutability_policy": [],
            "infrastructure_encryption_enabled": false,
            "is_hns_enabled": false,
            "large_file_share_enabled": null,
            "location": "northeurope",
            "min_tls_version": "TLS1_2",
            "name": "webstore566565637",
            "network_rules": [
              {
                "bypass": [
                  "AzureServices"
                ],
                "default_action": "Allow",
                "ip_rules": [],
                "private_link_access": [],
                "virtual_network_subnet_ids": []
              }
            ],
            "nfsv3_enabled": false,
            "primary_access_key": "S1uFOnaqC8Se2eoMYydNhLbG6GdcRoBw1wGdbZVL/Zwit6ms8NnbQBkZd0l/8qv0U94ki6FQh8Bx+AStZa2g6A==",
            "primary_blob_connection_string": "DefaultEndpointsProtocol=https;BlobEndpoint=https://webstore566565637.blob.core.windows.net/;AccountName=webstore566565637;AccountKey=S1uFOnaqC8Se2eoMYydNhLbG6GdcRoBw1wGdbZVL/Zwit6ms8NnbQBkZd0l/8qv0U94ki6FQh8Bx+AStZa2g6A==",
            "primary_blob_endpoint": "https://webstore566565637.blob.core.windows.net/",
            "primary_blob_host": "webstore566565637.blob.core.windows.net",
            "primary_connection_string": "DefaultEndpointsProtocol=https;AccountName=webstore566565637;AccountKey=S1uFOnaqC8Se2eoMYydNhLbG6GdcRoBw1wGdbZVL/Zwit6ms8NnbQBkZd0l/8qv0U94ki6FQh8Bx+AStZa2g6A==;EndpointSuffix=core.windows.net",
            "primary_dfs_endpoint": "https://webstore566565637.dfs.core.windows.net/",
            "primary_dfs_host": "webstore566565637.dfs.core.windows.net",
            "primary_file_endpoint": "https://webstore566565637.file.core.windows.net/",
            "primary_file_host": "webstore566565637.file.core.windows.net",
            "primary_location": "northeurope",
            "primary_queue_endpoint": "https://webstore566565637.queue.core.windows.net/",
            "primary_queue_host": "webstore566565637.queue.core.windows.net",
            "primary_table_endpoint": "https://webstore566565637.table.core.windows.net/",
            "primary_table_host": "webstore566565637.table.core.windows.net",
            "primary_web_endpoint": "https://webstore566565637.z16.web.core.windows.net/",
            "primary_web_host": "webstore566565637.z16.web.core.windows.net",
            "public_network_access_enabled": true,
            "queue_encryption_key_type": "Service",
            "queue_properties": [
              {
                "cors_rule": [],
                "hour_metrics": [
                  {
                    "enabled": true,
                    "include_apis": true,
                    "retention_policy_days": 7,
                    "version": "1.0"
                  }
                ],
                "logging": [
                  {
                    "delete": false,
                    "read": false,
                    "retention_policy_days": 0,
                    "version": "1.0",
                    "write": false
                  }
                ],
                "minute_metrics": [
                  {
                    "enabled": false,
                    "include_apis": false,
                    "retention_policy_days": 0,
                    "version": "1.0"
                  }
                ]
              }
            ],
            "resource_group_name": "app-grp",
            "routing": [],
            "sas_policy": [],
            "secondary_access_key": "cjXMUm/3eyYJaEufGIsXG1OJZB2llRUQOpOxk4HUdKZaAnnVOj2sTRP1mmpSba6VvHnodQFesu8q+ASta+RBqw==",
            "secondary_blob_connection_string": "",
            "secondary_blob_endpoint": null,
            "secondary_blob_host": null,
            "secondary_connection_string": "DefaultEndpointsProtocol=https;AccountName=webstore566565637;AccountKey=cjXMUm/3eyYJaEufGIsXG1OJZB2llRUQOpOxk4HUdKZaAnnVOj2sTRP1mmpSba6VvHnodQFesu8q+ASta+RBqw==;EndpointSuffix=core.windows.net",
            "secondary_dfs_endpoint": null,
            "secondary_dfs_host": null,
            "secondary_file_endpoint": null,
            "secondary_file_host": null,
            "secondary_location": "",
            "secondary_queue_endpoint": null,
            "secondary_queue_host": null,
            "secondary_table_endpoint": null,
            "secondary_table_host": null,
            "secondary_web_endpoint": null,
            "secondary_web_host": null,
            "sftp_enabled": false,
            "share_properties": [
              {
                "cors_rule": [],
                "retention_policy": [
                  {
                    "days": 7
                  }
                ],
                "smb": []
              }
            ],
            "shared_access_key_enabled": true,
            "static_website": [],
            "table_encryption_key_type": "Service",
            "tags": {},
            "timeouts": null
          },
          "sensitive_attributes": [],
          "private": "eyJlMmJmYjczMC1lY2FhLTExZTYtOGY4OC0zNDM2M2JjN2M0YzAiOnsiY3JlYXRlIjozNjAwMDAwMDAwMDAwLCJkZWxldGUiOjM2MDAwMDAwMDAwMDAsInJlYWQiOjMwMDAwMDAwMDAwMCwidXBkYXRlIjozNjAwMDAwMDAwMDAwfSwic2NoZW1hX3ZlcnNpb24iOiI0In0=",
          "dependencies": [
            "azurerm_resource_group.appgrp"
          ]
        }
      ]
    },
    {
      "mode": "managed",
      "type": "azurerm_storage_blob",
      "name": "powershellscript",
      "provider": "provider[\"registry.terraform.io/hashicorp/azurerm\"]",
      "instances": [
        {
          "schema_version": 1,
          "attributes": {
            "access_tier": "Hot",
            "cache_control": "",
            "content_md5": "",
            "content_type": "application/octet-stream",
            "id": "https://vmstore45776877.blob.core.windows.net/scripts/Script.ps1",
            "metadata": {},
            "name": "Script.ps1",
            "parallelism": 8,
            "size": 0,
            "source": "Script.ps1",
            "source_content": null,
            "source_uri": null,
            "storage_account_name": "vmstore45776877",
            "storage_container_name": "scripts",
            "timeouts": null,
            "type": "Block",
            "url": "https://vmstore45776877.blob.core.windows.net/scripts/Script.ps1"
          },
          "sensitive_attributes": [],
          "private": "eyJlMmJmYjczMC1lY2FhLTExZTYtOGY4OC0zNDM2M2JjN2M0YzAiOnsiY3JlYXRlIjoxODAwMDAwMDAwMDAwLCJkZWxldGUiOjE4MDAwMDAwMDAwMDAsInJlYWQiOjMwMDAwMDAwMDAwMCwidXBkYXRlIjoxODAwMDAwMDAwMDAwfSwic2NoZW1hX3ZlcnNpb24iOiIxIn0=",
          "dependencies": [
            "azurerm_resource_group.appgrp",
            "azurerm_storage_account.vmstore45776877",
            "azurerm_storage_container.scripts"
          ]
        }
      ]
    },
    {
      "mode": "managed",
      "type": "azurerm_storage_blob",
      "name": "sqlscript",
      "provider": "provider[\"registry.terraform.io/hashicorp/azurerm\"]",
      "instances": [
        {
          "schema_version": 1,
          "attributes": {
            "access_tier": "Hot",
            "cache_control": "",
            "content_md5": "",
            "content_type": "application/octet-stream",
            "id": "https://vmstore45776877.blob.core.windows.net/scripts/01.sql",
            "metadata": {},
            "name": "01.sql",
            "parallelism": 8,
            "size": 0,
            "source": "01.sql",
            "source_content": null,
            "source_uri": null,
            "storage_account_name": "vmstore45776877",
            "storage_container_name": "scripts",
            "timeouts": null,
            "type": "Block",
            "url": "https://vmstore45776877.blob.core.windows.net/scripts/01.sql"
          },
          "sensitive_attributes": [],
          "private": "eyJlMmJmYjczMC1lY2FhLTExZTYtOGY4OC0zNDM2M2JjN2M0YzAiOnsiY3JlYXRlIjoxODAwMDAwMDAwMDAwLCJkZWxldGUiOjE4MDAwMDAwMDAwMDAsInJlYWQiOjMwMDAwMDAwMDAwMCwidXBkYXRlIjoxODAwMDAwMDAwMDAwfSwic2NoZW1hX3ZlcnNpb24iOiIxIn0=",
          "dependencies": [
            "azurerm_resource_group.appgrp",
            "azurerm_storage_account.vmstore45776877",
            "azurerm_storage_container.scripts"
          ]
        }
      ]
    },
    {
      "mode": "managed",
      "type": "azurerm_storage_container",
      "name": "logs",
      "provider": "provider[\"registry.terraform.io/hashicorp/azurerm\"]",
      "instances": [
        {
          "schema_version": 1,
          "attributes": {
            "container_access_type": "blob",
            "has_immutability_policy": false,
            "has_legal_hold": false,
            "id": "https://webstore566565637.blob.core.windows.net/logs",
            "metadata": {},
            "name": "logs",
            "resource_manager_id": "/subscriptions/84b59ae2-aea4-4beb-9c05-8aec97896af8/resourceGroups/app-grp/providers/Microsoft.Storage/storageAccounts/webstore566565637/blobServices/default/containers/logs",
            "storage_account_name": "webstore566565637",
            "timeouts": null
          },
          "sensitive_attributes": [],
          "private": "eyJlMmJmYjczMC1lY2FhLTExZTYtOGY4OC0zNDM2M2JjN2M0YzAiOnsiY3JlYXRlIjoxODAwMDAwMDAwMDAwLCJkZWxldGUiOjE4MDAwMDAwMDAwMDAsInJlYWQiOjMwMDAwMDAwMDAwMCwidXBkYXRlIjoxODAwMDAwMDAwMDAwfSwic2NoZW1hX3ZlcnNpb24iOiIxIn0=",
          "dependencies": [
            "azurerm_resource_group.appgrp",
            "azurerm_storage_account.webstore566565637"
          ]
        }
      ]
    },
    {
      "mode": "managed",
      "type": "azurerm_storage_container",
      "name": "scripts",
      "provider": "provider[\"registry.terraform.io/hashicorp/azurerm\"]",
      "instances": [
        {
          "schema_version": 1,
          "attributes": {
            "container_access_type": "blob",
            "has_immutability_policy": false,
            "has_legal_hold": false,
            "id": "https://vmstore45776877.blob.core.windows.net/scripts",
            "metadata": {},
            "name": "scripts",
            "resource_manager_id": "/subscriptions/84b59ae2-aea4-4beb-9c05-8aec97896af8/resourceGroups/app-grp/providers/Microsoft.Storage/storageAccounts/vmstore45776877/blobServices/default/containers/scripts",
            "storage_account_name": "vmstore45776877",
            "timeouts": null
          },
          "sensitive_attributes": [],
          "private": "eyJlMmJmYjczMC1lY2FhLTExZTYtOGY4OC0zNDM2M2JjN2M0YzAiOnsiY3JlYXRlIjoxODAwMDAwMDAwMDAwLCJkZWxldGUiOjE4MDAwMDAwMDAwMDAsInJlYWQiOjMwMDAwMDAwMDAwMCwidXBkYXRlIjoxODAwMDAwMDAwMDAwfSwic2NoZW1hX3ZlcnNpb24iOiIxIn0=",
          "dependencies": [
            "azurerm_resource_group.appgrp",
            "azurerm_storage_account.vmstore45776877"
          ]
        }
      ]
    },
    {
      "mode": "managed",
      "type": "azurerm_subnet",
      "name": "appsubnet",
      "provider": "provider[\"registry.terraform.io/hashicorp/azurerm\"]",
      "instances": [
        {
          "schema_version": 0,
          "attributes": {
            "address_prefixes": [
              "10.0.0.0/24"
            ],
            "delegation": [],
            "enforce_private_link_endpoint_network_policies": false,
            "enforce_private_link_service_network_policies": false,
            "id": "/subscriptions/84b59ae2-aea4-4beb-9c05-8aec97896af8/resourceGroups/app-grp/providers/Microsoft.Network/virtualNetworks/app-network/subnets/appsubnet",
            "name": "appsubnet",
            "private_endpoint_network_policies_enabled": true,
            "private_link_service_network_policies_enabled": true,
            "resource_group_name": "app-grp",
            "service_endpoint_policy_ids": null,
            "service_endpoints": null,
            "timeouts": null,
            "virtual_network_name": "app-network"
          },
          "sensitive_attributes": [],
          "private": "eyJlMmJmYjczMC1lY2FhLTExZTYtOGY4OC0zNDM2M2JjN2M0YzAiOnsiY3JlYXRlIjoxODAwMDAwMDAwMDAwLCJkZWxldGUiOjE4MDAwMDAwMDAwMDAsInJlYWQiOjMwMDAwMDAwMDAwMCwidXBkYXRlIjoxODAwMDAwMDAwMDAwfX0=",
          "dependencies": [
            "azurerm_resource_group.appgrp",
            "azurerm_virtual_network.appnetwork"
          ]
        }
      ]
    },
    {
      "mode": "managed",
      "type": "azurerm_subnet",
      "name": "dbsubnet",
      "provider": "provider[\"registry.terraform.io/hashicorp/azurerm\"]",
      "instances": [
        {
          "schema_version": 0,
          "attributes": {
            "address_prefixes": [
              "10.0.1.0/24"
            ],
            "delegation": [],
            "enforce_private_link_endpoint_network_policies": false,
            "enforce_private_link_service_network_policies": false,
            "id": "/subscriptions/84b59ae2-aea4-4beb-9c05-8aec97896af8/resourceGroups/app-grp/providers/Microsoft.Network/virtualNetworks/app-network/subnets/dbsubnet",
            "name": "dbsubnet",
            "private_endpoint_network_policies_enabled": true,
            "private_link_service_network_policies_enabled": true,
            "resource_group_name": "app-grp",
            "service_endpoint_policy_ids": null,
            "service_endpoints": null,
            "timeouts": null,
            "virtual_network_name": "app-network"
          },
          "sensitive_attributes": [],
          "private": "eyJlMmJmYjczMC1lY2FhLTExZTYtOGY4OC0zNDM2M2JjN2M0YzAiOnsiY3JlYXRlIjoxODAwMDAwMDAwMDAwLCJkZWxldGUiOjE4MDAwMDAwMDAwMDAsInJlYWQiOjMwMDAwMDAwMDAwMCwidXBkYXRlIjoxODAwMDAwMDAwMDAwfX0=",
          "dependencies": [
            "azurerm_resource_group.appgrp",
            "azurerm_virtual_network.appnetwork"
          ]
        }
      ]
    },
    {
      "mode": "managed",
      "type": "azurerm_subnet_network_security_group_association",
      "name": "dbnsg-link",
      "provider": "provider[\"registry.terraform.io/hashicorp/azurerm\"]",
      "instances": [
        {
          "schema_version": 0,
          "attributes": {
            "id": "/subscriptions/84b59ae2-aea4-4beb-9c05-8aec97896af8/resourceGroups/app-grp/providers/Microsoft.Network/virtualNetworks/app-network/subnets/dbsubnet",
            "network_security_group_id": "/subscriptions/84b59ae2-aea4-4beb-9c05-8aec97896af8/resourceGroups/app-grp/providers/Microsoft.Network/networkSecurityGroups/db-nsg",
            "subnet_id": "/subscriptions/84b59ae2-aea4-4beb-9c05-8aec97896af8/resourceGroups/app-grp/providers/Microsoft.Network/virtualNetworks/app-network/subnets/dbsubnet",
            "timeouts": null
          },
          "sensitive_attributes": [],
          "private": "eyJlMmJmYjczMC1lY2FhLTExZTYtOGY4OC0zNDM2M2JjN2M0YzAiOnsiY3JlYXRlIjoxODAwMDAwMDAwMDAwLCJkZWxldGUiOjE4MDAwMDAwMDAwMDAsInJlYWQiOjMwMDAwMDAwMDAwMH19",
          "dependencies": [
            "azurerm_network_security_group.dbnsg",
            "azurerm_resource_group.appgrp",
            "azurerm_subnet.dbsubnet",
            "azurerm_virtual_network.appnetwork"
          ]
        }
      ]
    },
    {
      "mode": "managed",
      "type": "azurerm_virtual_machine_extension",
      "name": "vmextension",
      "provider": "provider[\"registry.terraform.io/hashicorp/azurerm\"]",
      "instances": [
        {
          "schema_version": 0,
          "attributes": {
            "auto_upgrade_minor_version": false,
            "automatic_upgrade_enabled": false,
            "failure_suppression_enabled": false,
            "id": "/subscriptions/84b59ae2-aea4-4beb-9c05-8aec97896af8/resourceGroups/app-grp/providers/Microsoft.Compute/virtualMachines/dbvm/extensions/dbvm-extension",
            "name": "dbvm-extension",
            "protected_settings": null,
            "protected_settings_from_key_vault": [],
            "provision_after_extensions": null,
            "publisher": "Microsoft.Compute",
            "settings": "{\"commandToExecute\":\"powershell -ExecutionPolicy Unrestricted -file Script.ps1\",\"fileUris\":[\"https://vmstore45776877.blob.core.windows.net/scripts/Script.ps1\"]}",
            "tags": null,
            "timeouts": null,
            "type": "CustomScriptExtension",
            "type_handler_version": "1.10",
            "virtual_machine_id": "/subscriptions/84b59ae2-aea4-4beb-9c05-8aec97896af8/resourceGroups/app-grp/providers/Microsoft.Compute/virtualMachines/dbvm"
          },
          "sensitive_attributes": [],
          "private": "eyJlMmJmYjczMC1lY2FhLTExZTYtOGY4OC0zNDM2M2JjN2M0YzAiOnsiY3JlYXRlIjoxODAwMDAwMDAwMDAwLCJkZWxldGUiOjE4MDAwMDAwMDAwMDAsInJlYWQiOjMwMDAwMDAwMDAwMCwidXBkYXRlIjoxODAwMDAwMDAwMDAwfX0=",
          "dependencies": [
            "azurerm_network_interface.dbinterface",
            "azurerm_public_ip.dbip",
            "azurerm_resource_group.appgrp",
            "azurerm_storage_account.vmstore45776877",
            "azurerm_storage_blob.powershellscript",
            "azurerm_storage_blob.sqlscript",
            "azurerm_storage_container.scripts",
            "azurerm_subnet.dbsubnet",
            "azurerm_virtual_network.appnetwork",
            "azurerm_windows_virtual_machine.dbvm"
          ]
        }
      ]
    },
    {
      "mode": "managed",
      "type": "azurerm_virtual_network",
      "name": "appnetwork",
      "provider": "provider[\"registry.terraform.io/hashicorp/azurerm\"]",
      "instances": [
        {
          "schema_version": 0,
          "attributes": {
            "address_space": [
              "10.0.0.0/16"
            ],
            "bgp_community": "",
            "ddos_protection_plan": [],
            "dns_servers": [],
            "edge_zone": "",
            "encryption": [],
            "flow_timeout_in_minutes": 0,
            "guid": "ae24c280-95d9-4283-837c-9833629aab7f",
            "id": "/subscriptions/84b59ae2-aea4-4beb-9c05-8aec97896af8/resourceGroups/app-grp/providers/Microsoft.Network/virtualNetworks/app-network",
            "location": "northeurope",
            "name": "app-network",
            "resource_group_name": "app-grp",
            "subnet": [],
            "tags": null,
            "timeouts": null
          },
          "sensitive_attributes": [],
          "private": "eyJlMmJmYjczMC1lY2FhLTExZTYtOGY4OC0zNDM2M2JjN2M0YzAiOnsiY3JlYXRlIjoxODAwMDAwMDAwMDAwLCJkZWxldGUiOjE4MDAwMDAwMDAwMDAsInJlYWQiOjMwMDAwMDAwMDAwMCwidXBkYXRlIjoxODAwMDAwMDAwMDAwfX0=",
          "dependencies": [
            "azurerm_resource_group.appgrp"
          ]
        }
      ]
    },
    {
      "mode": "managed",
      "type": "azurerm_web_app_active_slot",
      "name": "staging",
      "provider": "provider[\"registry.terraform.io/hashicorp/azurerm\"]",
      "instances": [
        {
          "schema_version": 0,
          "attributes": {
            "id": "/subscriptions/84b59ae2-aea4-4beb-9c05-8aec97896af8/resourceGroups/app-grp/providers/Microsoft.Web/sites/companyapp10001111",
            "last_successful_swap": "2023-12-07T03:27:54.269Z",
            "overwrite_network_config": true,
            "slot_id": "/subscriptions/84b59ae2-aea4-4beb-9c05-8aec97896af8/resourceGroups/app-grp/providers/Microsoft.Web/sites/companyapp10001111/slots/staging",
            "timeouts": null
          },
          "sensitive_attributes": [],
          "private": "eyJlMmJmYjczMC1lY2FhLTExZTYtOGY4OC0zNDM2M2JjN2M0YzAiOnsiY3JlYXRlIjoxODAwMDAwMDAwMDAwLCJkZWxldGUiOjMwMDAwMDAwMDAwMCwicmVhZCI6MzAwMDAwMDAwMDAwLCJ1cGRhdGUiOjE4MDAwMDAwMDAwMDB9fQ==",
          "dependencies": [
            "azurerm_resource_group.appgrp",
            "azurerm_service_plan.companyplan",
            "azurerm_storage_account.webstore566565637",
            "azurerm_storage_container.logs",
            "azurerm_windows_web_app.companyapp10001111",
            "azurerm_windows_web_app_slot.staging",
            "data.azurerm_storage_account_blob_container_sas.accountsas"
          ]
        }
      ]
    },
    {
      "mode": "managed",
      "type": "azurerm_windows_virtual_machine",
      "name": "dbvm",
      "provider": "provider[\"registry.terraform.io/hashicorp/azurerm\"]",
      "instances": [
        {
          "schema_version": 0,
          "attributes": {
            "additional_capabilities": [],
            "additional_unattend_content": [],
            "admin_password": "Azure@123",
            "admin_username": "dbuser",
            "allow_extension_operations": true,
            "availability_set_id": "",
            "boot_diagnostics": [],
            "bypass_platform_safety_checks_on_user_schedule_enabled": false,
            "capacity_reservation_group_id": "",
            "computer_name": "dbvm",
            "custom_data": null,
            "dedicated_host_group_id": "",
            "dedicated_host_id": "",
            "edge_zone": "",
            "enable_automatic_updates": true,
            "encryption_at_host_enabled": false,
            "eviction_policy": "",
            "extensions_time_budget": "PT1H30M",
            "gallery_application": [],
            "hotpatching_enabled": false,
            "id": "/subscriptions/84b59ae2-aea4-4beb-9c05-8aec97896af8/resourceGroups/app-grp/providers/Microsoft.Compute/virtualMachines/dbvm",
            "identity": [],
            "license_type": "",
            "location": "northeurope",
            "max_bid_price": -1,
            "name": "dbvm",
            "network_interface_ids": [
              "/subscriptions/84b59ae2-aea4-4beb-9c05-8aec97896af8/resourceGroups/app-grp/providers/Microsoft.Network/networkInterfaces/dbinterface"
            ],
            "os_disk": [
              {
                "caching": "ReadWrite",
                "diff_disk_settings": [],
                "disk_encryption_set_id": "",
                "disk_size_gb": 127,
                "name": "dbvm_disk1_1280c9d22723448487cfd820eeeb5727",
                "secure_vm_disk_encryption_set_id": "",
                "security_encryption_type": "",
                "storage_account_type": "Standard_LRS",
                "write_accelerator_enabled": false
              }
            ],
            "patch_assessment_mode": "ImageDefault",
            "patch_mode": "AutomaticByOS",
            "plan": [],
            "platform_fault_domain": -1,
            "priority": "Regular",
            "private_ip_address": "10.0.1.4",
            "private_ip_addresses": [
              "10.0.1.4"
            ],
            "provision_vm_agent": true,
            "proximity_placement_group_id": "",
            "public_ip_address": "20.234.102.61",
            "public_ip_addresses": [
              "20.234.102.61"
            ],
            "reboot_setting": "",
            "resource_group_name": "app-grp",
            "secret": [],
            "secure_boot_enabled": false,
            "size": "Standard_D2s_v3",
            "source_image_id": "",
            "source_image_reference": [
              {
                "offer": "sql2019-ws2019",
                "publisher": "MicrosoftSQLServer",
                "sku": "sqldev",
                "version": "15.0.220510"
              }
            ],
            "tags": null,
            "termination_notification": null,
            "timeouts": null,
            "timezone": "",
            "user_data": "",
            "virtual_machine_id": "0157fac4-c49b-40ee-a8ea-61360f331ed0",
            "virtual_machine_scale_set_id": "",
            "vtpm_enabled": false,
            "winrm_listener": [],
            "zone": ""
          },
          "sensitive_attributes": [],
          "private": "eyJlMmJmYjczMC1lY2FhLTExZTYtOGY4OC0zNDM2M2JjN2M0YzAiOnsiY3JlYXRlIjoyNzAwMDAwMDAwMDAwLCJkZWxldGUiOjI3MDAwMDAwMDAwMDAsInJlYWQiOjMwMDAwMDAwMDAwMCwidXBkYXRlIjoyNzAwMDAwMDAwMDAwfX0=",
          "dependencies": [
            "azurerm_network_interface.dbinterface",
            "azurerm_public_ip.dbip",
            "azurerm_resource_group.appgrp",
            "azurerm_subnet.dbsubnet",
            "azurerm_virtual_network.appnetwork"
          ]
        }
      ]
    },
    {
      "mode": "managed",
      "type": "azurerm_windows_web_app",
      "name": "companyapp10001111",
      "provider": "provider[\"registry.terraform.io/hashicorp/azurerm\"]",
      "instances": [
        {
          "schema_version": 0,
          "attributes": {
            "app_settings": {},
            "auth_settings": [],
            "auth_settings_v2": [],
            "backup": [],
            "client_affinity_enabled": false,
            "client_certificate_enabled": false,
            "client_certificate_exclusion_paths": "",
            "client_certificate_mode": "Required",
            "connection_string": [],
            "custom_domain_verification_id": "A0131257A9D0B46A84C36555176526A6679DFA0F0FB1E369C816E9B1FCCB73C1",
            "default_hostname": "companyapp10001111.azurewebsites.net",
            "enabled": true,
            "ftp_publish_basic_authentication_enabled": true,
            "hosting_environment_id": "",
            "https_only": false,
            "id": "/subscriptions/84b59ae2-aea4-4beb-9c05-8aec97896af8/resourceGroups/app-grp/providers/Microsoft.Web/sites/companyapp10001111",
            "identity": [],
            "key_vault_reference_identity_id": "SystemAssigned",
            "kind": "app",
            "location": "northeurope",
            "logs": [
              {
                "application_logs": [],
                "detailed_error_messages": true,
                "failed_request_tracing": false,
                "http_logs": [
                  {
                    "azure_blob_storage": [
                      {
                        "retention_in_days": 7,
                        "sas_url": "https://webstore566565637.blob.core.windows.net/logs?sv=2018-11-09\u0026sr=c\u0026st=2022-06-01\u0026se=2022-06-30\u0026sp=rawdl\u0026spr=https\u0026sig=mihPAz1my6hjevjORDXK05ndwObp1MpV4%2Fzz%2FHklQYo%3D"
                      }
                    ],
                    "file_system": []
                  }
                ]
              }
            ],
            "name": "companyapp10001111",
            "outbound_ip_address_list": [
              "20.166.208.247",
              "20.166.209.166",
              "20.166.210.4",
              "20.166.210.25",
              "20.166.210.32",
              "20.166.210.232",
              "20.166.212.162",
              "20.166.212.168",
              "20.166.212.178",
              "20.166.212.191",
              "20.166.212.199",
              "20.166.212.207",
              "20.166.212.241",
              "20.166.212.254",
              "20.166.213.2",
              "20.166.213.18",
              "20.166.213.27",
              "20.166.213.31",
              "20.107.224.37"
            ],
            "outbound_ip_addresses": "20.166.208.247,20.166.209.166,20.166.210.4,20.166.210.25,20.166.210.32,20.166.210.232,20.166.212.162,20.166.212.168,20.166.212.178,20.166.212.191,20.166.212.199,20.166.212.207,20.166.212.241,20.166.212.254,20.166.213.2,20.166.213.18,20.166.213.27,20.166.213.31,20.107.224.37",
            "possible_outbound_ip_address_list": [
              "20.166.208.247",
              "20.166.209.166",
              "20.166.210.4",
              "20.166.210.25",
              "20.166.210.32",
              "20.166.210.232",
              "20.166.212.162",
              "20.166.212.168",
              "20.166.212.178",
              "20.166.212.191",
              "20.166.212.199",
              "20.166.212.207",
              "20.166.212.241",
              "20.166.212.254",
              "20.166.213.2",
              "20.166.213.18",
              "20.166.213.27",
              "20.166.213.31",
              "20.166.211.44",
              "20.166.211.64",
              "20.166.211.68",
              "20.166.211.212",
              "20.166.212.1",
              "20.166.212.5",
              "20.166.212.30",
              "20.166.212.32",
              "20.166.212.59",
              "20.166.212.64",
              "20.166.212.68",
              "20.166.212.81",
              "20.166.212.87",
              "20.166.212.94",
              "20.166.212.97",
              "20.166.212.98",
              "20.166.212.148",
              "20.166.212.151",
              "20.166.212.162",
              "20.166.212.168",
              "20.166.212.178",
              "20.166.212.191",
              "20.166.212.199",
              "20.166.212.207",
              "20.166.212.241",
              "20.166.212.254",
              "20.166.213.2",
              "20.166.213.18",
              "20.166.213.27",
              "20.166.213.31",
              "20.166.213.50",
              "20.166.213.97",
              "20.166.213.113",
              "20.166.213.138",
              "20.166.213.157",
              "20.166.213.161",
              "20.107.224.37"
            ],
            "possible_outbound_ip_addresses": "20.166.208.247,20.166.209.166,20.166.210.4,20.166.210.25,20.166.210.32,20.166.210.232,20.166.212.162,20.166.212.168,20.166.212.178,20.166.212.191,20.166.212.199,20.166.212.207,20.166.212.241,20.166.212.254,20.166.213.2,20.166.213.18,20.166.213.27,20.166.213.31,20.166.211.44,20.166.211.64,20.166.211.68,20.166.211.212,20.166.212.1,20.166.212.5,20.166.212.30,20.166.212.32,20.166.212.59,20.166.212.64,20.166.212.68,20.166.212.81,20.166.212.87,20.166.212.94,20.166.212.97,20.166.212.98,20.166.212.148,20.166.212.151,20.166.212.162,20.166.212.168,20.166.212.178,20.166.212.191,20.166.212.199,20.166.212.207,20.166.212.241,20.166.212.254,20.166.213.2,20.166.213.18,20.166.213.27,20.166.213.31,20.166.213.50,20.166.213.97,20.166.213.113,20.166.213.138,20.166.213.157,20.166.213.161,20.107.224.37",
            "public_network_access_enabled": true,
            "resource_group_name": "app-grp",
            "service_plan_id": "/subscriptions/84b59ae2-aea4-4beb-9c05-8aec97896af8/resourceGroups/app-grp/providers/Microsoft.Web/serverfarms/companyplan",
            "site_config": [
              {
                "always_on": true,
                "api_definition_url": "",
                "api_management_api_id": "",
                "app_command_line": "",
                "application_stack": [
                  {
                    "current_stack": "dotnet",
                    "docker_container_name": "",
                    "docker_container_registry": "",
                    "docker_container_tag": "",
                    "docker_image_name": "",
                    "docker_registry_password": "",
                    "docker_registry_url": "",
                    "docker_registry_username": "",
                    "dotnet_core_version": "",
                    "dotnet_version": "v6.0",
                    "java_container": "",
                    "java_container_version": "",
                    "java_embedded_server_enabled": false,
                    "java_version": "",
                    "node_version": "6.9.1",
                    "php_version": "5.6",
                    "python": false,
                    "python_version": "",
                    "tomcat_version": ""
                  }
                ],
                "auto_heal_enabled": false,
                "auto_heal_setting": [],
                "container_registry_managed_identity_client_id": "",
                "container_registry_use_managed_identity": false,
                "cors": [],
                "default_documents": [
                  "Default.htm",
                  "Default.html",
                  "Default.asp",
                  "index.htm",
                  "index.html",
                  "iisstart.htm",
                  "default.aspx",
                  "index.php",
                  "hostingstart.html"
                ],
                "detailed_error_logging_enabled": true,
                "ftps_state": "Disabled",
                "health_check_eviction_time_in_min": 0,
                "health_check_path": "",
                "http2_enabled": false,
                "ip_restriction": [
                  {
                    "action": "Deny",
                    "headers": [],
                    "ip_address": "0.0.0.0/0",
                    "name": "Deny_AllTraffic",
                    "priority": 200,
                    "service_tag": "",
                    "virtual_network_subnet_id": ""
                  }
                ],
                "linux_fx_version": "",
                "load_balancing_mode": "LeastRequests",
                "local_mysql_enabled": false,
                "managed_pipeline_mode": "Integrated",
                "minimum_tls_version": "1.2",
                "remote_debugging_enabled": false,
                "remote_debugging_version": "VS2019",
                "scm_ip_restriction": [],
                "scm_minimum_tls_version": "1.2",
                "scm_type": "None",
                "scm_use_main_ip_restriction": false,
                "use_32_bit_worker": true,
                "virtual_application": [],
                "vnet_route_all_enabled": false,
                "websockets_enabled": false,
                "windows_fx_version": "",
                "worker_count": 1
              }
            ],
            "site_credential": [
              {
                "name": "$companyapp10001111",
                "password": "AMsyJMbgbSpXm0FYAt0cTnKEbwXyNKb0yvuTcczj0ngrWKP3qFj8a35mzjQd"
              }
            ],
            "sticky_settings": [],
            "storage_account": [],
            "tags": {},
            "timeouts": null,
            "virtual_network_subnet_id": "",
            "webdeploy_publish_basic_authentication_enabled": true,
            "zip_deploy_file": ""
          },
          "sensitive_attributes": [
            [
              {
                "type": "get_attr",
                "value": "logs"
              },
              {
                "type": "index",
                "value": {
                  "value": 0,
                  "type": "number"
                }
              },
              {
                "type": "get_attr",
                "value": "http_logs"
              },
              {
                "type": "index",
                "value": {
                  "value": 0,
                  "type": "number"
                }
              },
              {
                "type": "get_attr",
                "value": "azure_blob_storage"
              },
              {
                "type": "index",
                "value": {
                  "value": 0,
                  "type": "number"
                }
              },
              {
                "type": "get_attr",
                "value": "sas_url"
              }
            ]
          ],
          "private": "eyJlMmJmYjczMC1lY2FhLTExZTYtOGY4OC0zNDM2M2JjN2M0YzAiOnsiY3JlYXRlIjoxODAwMDAwMDAwMDAwLCJkZWxldGUiOjE4MDAwMDAwMDAwMDAsInJlYWQiOjMwMDAwMDAwMDAwMCwidXBkYXRlIjoxODAwMDAwMDAwMDAwfX0=",
          "dependencies": [
            "azurerm_resource_group.appgrp",
            "azurerm_service_plan.companyplan",
            "azurerm_storage_account.webstore566565637",
            "azurerm_storage_container.logs",
            "data.azurerm_storage_account_blob_container_sas.accountsas"
          ]
        }
      ]
    },
    {
      "mode": "managed",
      "type": "azurerm_windows_web_app_slot",
      "name": "staging",
      "provider": "provider[\"registry.terraform.io/hashicorp/azurerm\"]",
      "instances": [
        {
          "schema_version": 0,
          "attributes": {
            "app_service_id": "/subscriptions/84b59ae2-aea4-4beb-9c05-8aec97896af8/resourceGroups/app-grp/providers/Microsoft.Web/sites/companyapp10001111",
            "app_settings": {},
            "auth_settings": [],
            "auth_settings_v2": [],
            "backup": [],
            "client_affinity_enabled": false,
            "client_certificate_enabled": false,
            "client_certificate_exclusion_paths": "",
            "client_certificate_mode": "Required",
            "connection_string": [],
            "custom_domain_verification_id": "A0131257A9D0B46A84C36555176526A6679DFA0F0FB1E369C816E9B1FCCB73C1",
            "default_hostname": "companyapp10001111-staging.azurewebsites.net",
            "enabled": true,
            "ftp_publish_basic_authentication_enabled": true,
            "hosting_environment_id": "",
            "https_only": false,
            "id": "/subscriptions/84b59ae2-aea4-4beb-9c05-8aec97896af8/resourceGroups/app-grp/providers/Microsoft.Web/sites/companyapp10001111/slots/staging",
            "identity": [],
            "key_vault_reference_identity_id": "SystemAssigned",
            "kind": "app",
            "logs": [],
            "name": "staging",
            "outbound_ip_address_list": [
              "20.166.208.247",
              "20.166.209.166",
              "20.166.210.4",
              "20.166.210.25",
              "20.166.210.32",
              "20.166.210.232",
              "20.166.212.162",
              "20.166.212.168",
              "20.166.212.178",
              "20.166.212.191",
              "20.166.212.199",
              "20.166.212.207",
              "20.166.212.241",
              "20.166.212.254",
              "20.166.213.2",
              "20.166.213.18",
              "20.166.213.27",
              "20.166.213.31",
              "20.107.224.37"
            ],
            "outbound_ip_addresses": "20.166.208.247,20.166.209.166,20.166.210.4,20.166.210.25,20.166.210.32,20.166.210.232,20.166.212.162,20.166.212.168,20.166.212.178,20.166.212.191,20.166.212.199,20.166.212.207,20.166.212.241,20.166.212.254,20.166.213.2,20.166.213.18,20.166.213.27,20.166.213.31,20.107.224.37",
            "possible_outbound_ip_address_list": [
              "20.166.208.247",
              "20.166.209.166",
              "20.166.210.4",
              "20.166.210.25",
              "20.166.210.32",
              "20.166.210.232",
              "20.166.212.162",
              "20.166.212.168",
              "20.166.212.178",
              "20.166.212.191",
              "20.166.212.199",
              "20.166.212.207",
              "20.166.212.241",
              "20.166.212.254",
              "20.166.213.2",
              "20.166.213.18",
              "20.166.213.27",
              "20.166.213.31",
              "20.166.211.44",
              "20.166.211.64",
              "20.166.211.68",
              "20.166.211.212",
              "20.166.212.1",
              "20.166.212.5",
              "20.166.212.30",
              "20.166.212.32",
              "20.166.212.59",
              "20.166.212.64",
              "20.166.212.68",
              "20.166.212.81",
              "20.166.212.87",
              "20.166.212.94",
              "20.166.212.97",
              "20.166.212.98",
              "20.166.212.148",
              "20.166.212.151",
              "20.166.212.162",
              "20.166.212.168",
              "20.166.212.178",
              "20.166.212.191",
              "20.166.212.199",
              "20.166.212.207",
              "20.166.212.241",
              "20.166.212.254",
              "20.166.213.2",
              "20.166.213.18",
              "20.166.213.27",
              "20.166.213.31",
              "20.166.213.50",
              "20.166.213.97",
              "20.166.213.113",
              "20.166.213.138",
              "20.166.213.157",
              "20.166.213.161",
              "20.107.224.37"
            ],
            "possible_outbound_ip_addresses": "20.166.208.247,20.166.209.166,20.166.210.4,20.166.210.25,20.166.210.32,20.166.210.232,20.166.212.162,20.166.212.168,20.166.212.178,20.166.212.191,20.166.212.199,20.166.212.207,20.166.212.241,20.166.212.254,20.166.213.2,20.166.213.18,20.166.213.27,20.166.213.31,20.166.211.44,20.166.211.64,20.166.211.68,20.166.211.212,20.166.212.1,20.166.212.5,20.166.212.30,20.166.212.32,20.166.212.59,20.166.212.64,20.166.212.68,20.166.212.81,20.166.212.87,20.166.212.94,20.166.212.97,20.166.212.98,20.166.212.148,20.166.212.151,20.166.212.162,20.166.212.168,20.166.212.178,20.166.212.191,20.166.212.199,20.166.212.207,20.166.212.241,20.166.212.254,20.166.213.2,20.166.213.18,20.166.213.27,20.166.213.31,20.166.213.50,20.166.213.97,20.166.213.113,20.166.213.138,20.166.213.157,20.166.213.161,20.107.224.37",
            "public_network_access_enabled": true,
            "service_plan_id": "",
            "site_config": [
              {
                "always_on": true,
                "api_definition_url": "",
                "api_management_api_id": "",
                "app_command_line": "",
                "application_stack": [
                  {
                    "current_stack": "dotnet",
                    "docker_container_name": "",
                    "docker_container_registry": "",
                    "docker_container_tag": "",
                    "docker_image_name": "",
                    "docker_registry_password": "",
                    "docker_registry_url": "",
                    "docker_registry_username": "",
                    "dotnet_core_version": "",
                    "dotnet_version": "v6.0",
                    "java_container": "",
                    "java_container_version": "",
                    "java_embedded_server_enabled": false,
                    "java_version": "",
                    "node_version": "",
                    "php_version": "5.6",
                    "python": false,
                    "python_version": "",
                    "tomcat_version": ""
                  }
                ],
                "auto_heal_enabled": false,
                "auto_heal_setting": [],
                "auto_swap_slot_name": "",
                "container_registry_managed_identity_client_id": "",
                "container_registry_use_managed_identity": false,
                "cors": [],
                "default_documents": [
                  "Default.htm",
                  "Default.html",
                  "Default.asp",
                  "index.htm",
                  "index.html",
                  "iisstart.htm",
                  "default.aspx",
                  "index.php",
                  "hostingstart.html"
                ],
                "detailed_error_logging_enabled": false,
                "ftps_state": "Disabled",
                "health_check_eviction_time_in_min": 0,
                "health_check_path": "",
                "http2_enabled": false,
                "ip_restriction": [],
                "load_balancing_mode": "LeastRequests",
                "local_mysql_enabled": false,
                "managed_pipeline_mode": "Integrated",
                "minimum_tls_version": "1.2",
                "remote_debugging_enabled": false,
                "remote_debugging_version": "VS2019",
                "scm_ip_restriction": [],
                "scm_minimum_tls_version": "1.2",
                "scm_type": "None",
                "scm_use_main_ip_restriction": false,
                "use_32_bit_worker": true,
                "virtual_application": [],
                "vnet_route_all_enabled": false,
                "websockets_enabled": false,
                "windows_fx_version": "",
                "worker_count": 1
              }
            ],
            "site_credential": [
              {
                "name": "$companyapp10001111__staging",
                "password": "Z1pmZGwNBriEddMZexognkwmeaGuaAHSTdbDBZXZNDdzkCa2rlf0CyXoQYly"
              }
            ],
            "storage_account": [],
            "tags": {},
            "timeouts": null,
            "virtual_network_subnet_id": "",
            "webdeploy_publish_basic_authentication_enabled": true,
            "zip_deploy_file": ""
          },
          "sensitive_attributes": [],
          "private": "eyJlMmJmYjczMC1lY2FhLTExZTYtOGY4OC0zNDM2M2JjN2M0YzAiOnsiY3JlYXRlIjoxODAwMDAwMDAwMDAwLCJkZWxldGUiOjE4MDAwMDAwMDAwMDAsInJlYWQiOjMwMDAwMDAwMDAwMCwidXBkYXRlIjoxODAwMDAwMDAwMDAwfX0=",
          "dependencies": [
            "azurerm_resource_group.appgrp",
            "azurerm_service_plan.companyplan",
            "azurerm_storage_account.webstore566565637",
            "azurerm_storage_container.logs",
            "azurerm_windows_web_app.companyapp10001111",
            "data.azurerm_storage_account_blob_container_sas.accountsas"
          ]
        }
      ]
    }
  ],
  "check_results": null
}
