{
  "version": 4,
  "terraform_version": "1.6.5",
  "serial": 42,
  "lineage": "3fef6c6d-ffcf-d31f-392b-cd26d55795f8",
  "outputs": {
    "sas": {
      "value": "https://webstore566565637.blob.core.windows.net/logs?sv=2018-11-09\u0026sr=c\u0026st=2022-06-01\u0026se=2022-06-30\u0026sp=rawdl\u0026spr=https\u0026sig=mihPAz1my6hjevjORDXK05ndwObp1MpV4%2Fzz%2FHklQYo%3D",
      "type": "string"
    }
  },
  "resources": [
    {
      "mode": "data",
      "type": "azurerm_storage_account_blob_container_sas",
      "name": "accountsas",
      "provider": "provider[\"registry.terraform.io/hashicorp/azurerm\"]",
      "instances": [
        {
          "schema_version": 0,
          "attributes": {
            "cache_control": null,
            "connection_string": "DefaultEndpointsProtocol=https;AccountName=webstore566565637;AccountKey=S1uFOnaqC8Se2eoMYydNhLbG6GdcRoBw1wGdbZVL/Zwit6ms8NnbQBkZd0l/8qv0U94ki6FQh8Bx+AStZa2g6A==;EndpointSuffix=core.windows.net",
            "container_name": "logs",
            "content_disposition": null,
            "content_encoding": null,
            "content_language": null,
            "content_type": null,
            "expiry": "2022-06-30",
            "https_only": true,
            "id": "8aae0db9ddf1825ba56b9871bffcd832154e04052150da7107e905cb16ad3c11",
            "ip_address": null,
            "permissions": [
              {
                "add": true,
                "create": false,
                "delete": true,
                "list": true,
                "read": true,
                "write": true
              }
            ],
            "sas": "?sv=2018-11-09\u0026sr=c\u0026st=2022-06-01\u0026se=2022-06-30\u0026sp=rawdl\u0026spr=https\u0026sig=mihPAz1my6hjevjORDXK05ndwObp1MpV4%2Fzz%2FHklQYo%3D",
            "start": "2022-06-01",
            "timeouts": null
          },
          "sensitive_attributes": [
            [
              {
                "type": "get_attr",
                "value": "connection_string"
              }
            ]
          ]
        }
      ]
    },
    {
      "mode": "managed",
      "type": "azurerm_log_analytics_workspace",
      "name": "dbworkspace",
      "provider": "provider[\"registry.terraform.io/hashicorp/azurerm\"]",
      "instances": [
        {
          "schema_version": 3,
          "attributes": {
            "allow_resource_only_permissions": true,
            "cmk_for_query_forced": false,
            "daily_quota_gb": -1,
            "data_collection_rule_id": "",
            "id": "/subscriptions/84b59ae2-aea4-4beb-9c05-8aec97896af8/resourceGroups/app-grp/providers/Microsoft.OperationalInsights/workspaces/dbworkspace80089",
            "identity": [],
            "internet_ingestion_enabled": true,
            "internet_query_enabled": true,
            "local_authentication_disabled": false,
            "location": "northeurope",
            "name": "dbworkspace80089",
            "primary_shared_key": "GUMRaHU7fKwA3K8Vy0FccvuVxTalBB/LwaeFvynrKs8sbrjy/IWjkyDBdaUQisYzq6+NwDAp4XhUHSqdBmRWkg==",
            "reservation_capacity_in_gb_per_day": null,
            "resource_group_name": "app-grp",
            "retention_in_days": 30,
            "secondary_shared_key": "Vt5AR1fHpMseMWqwfcGJl76X2ayrfCqcsH/e0VUuHfU2nYRdHuixAKZ40P629NunUW9dUPuaR4gUKyv4jfcC7w==",
            "sku": "PerGB2018",
            "tags": null,
            "timeouts": null,
            "workspace_id": "ecb419ea-e00d-4913-b5d3-6779746024ae"
          },
          "sensitive_attributes": [],
          "private": "eyJlMmJmYjczMC1lY2FhLTExZTYtOGY4OC0zNDM2M2JjN2M0YzAiOnsiY3JlYXRlIjoxODAwMDAwMDAwMDAwLCJkZWxldGUiOjE4MDAwMDAwMDAwMDAsInJlYWQiOjMwMDAwMDAwMDAwMCwidXBkYXRlIjoxODAwMDAwMDAwMDAwfSwic2NoZW1hX3ZlcnNpb24iOiIzIn0=",
          "dependencies": [
            "azurerm_resource_group.appgrp"
          ]
        }
      ]
    },
    {
      "mode": "managed",
      "type": "azurerm_monitor_diagnostic_setting",
      "name": "diagnosticsetting",
      "provider": "provider[\"registry.terraform.io/hashicorp/azurerm\"]",
      "instances": [
        {
          "schema_version": 0,
          "attributes": {
            "enabled_log": [
              {
                "category": "SQLSecurityAuditEvents",
                "category_group": "",
                "retention_policy": [
                  {
                    "days": 0,
                    "enabled": false
                  }
                ]
              }
            ],
            "eventhub_authorization_rule_id": "",
            "eventhub_name": "",
            "id": "/subscriptions/84b59ae2-aea4-4beb-9c05-8aec97896af8/resourceGroups/app-grp/providers/Microsoft.Sql/servers/sqlserver400908/databases/appdb|appdb-setting",
            "log": [
              {
                "category": "SQLSecurityAuditEvents",
                "category_group": "",
                "enabled": true,
                "retention_policy": [
                  {
                    "days": null,
                    "enabled": false
                  }
                ]
              }
            ],
            "log_analytics_destination_type": "",
            "log_analytics_workspace_id": "/subscriptions/84b59ae2-aea4-4beb-9c05-8aec97896af8/resourceGroups/app-grp/providers/Microsoft.OperationalInsights/workspaces/dbworkspace80089",
            "metric": [],
            "name": "appdb-setting",
            "partner_solution_id": null,
            "storage_account_id": null,
            "target_resource_id": "/subscriptions/84b59ae2-aea4-4beb-9c05-8aec97896af8/resourceGroups/app-grp/providers/Microsoft.Sql/servers/sqlserver400908/databases/appdb",
            "timeouts": null
          },
          "sensitive_attributes": [],
          "private": "eyJlMmJmYjczMC1lY2FhLTExZTYtOGY4OC0zNDM2M2JjN2M0YzAiOnsiY3JlYXRlIjoxODAwMDAwMDAwMDAwLCJkZWxldGUiOjM2MDAwMDAwMDAwMDAsInJlYWQiOjMwMDAwMDAwMDAwMCwidXBkYXRlIjoxODAwMDAwMDAwMDAwfX0=",
          "dependencies": [
            "azurerm_log_analytics_workspace.dbworkspace",
            "azurerm_mssql_database.appdb",
            "azurerm_mssql_server.sqlserver",
            "azurerm_resource_group.appgrp"
          ]
        }
      ]
    },
    {
      "mode": "managed",
      "type": "azurerm_mssql_database",
      "name": "appdb",
      "provider": "provider[\"registry.terraform.io/hashicorp/azurerm\"]",
      "instances": [
        {
          "schema_version": 1,
          "attributes": {
            "auto_pause_delay_in_minutes": 0,
            "collation": "SQL_Latin1_General_CP1_CI_AS",
            "create_mode": "Default",
            "creation_source_database_id": null,
            "elastic_pool_id": "",
            "geo_backup_enabled": true,
            "id": "/subscriptions/84b59ae2-aea4-4beb-9c05-8aec97896af8/resourceGroups/app-grp/providers/Microsoft.Sql/servers/sqlserver400908/databases/appdb",
            "import": [],
            "ledger_enabled": false,
            "license_type": "LicenseIncluded",
            "long_term_retention_policy": [
              {
                "monthly_retention": "PT0S",
                "week_of_year": 1,
                "weekly_retention": "PT0S",
                "yearly_retention": "PT0S"
              }
            ],
            "maintenance_configuration_name": "SQL_Default",
            "max_size_gb": 2,
            "min_capacity": 0,
            "name": "appdb",
            "read_replica_count": 0,
            "read_scale": false,
            "recover_database_id": null,
            "restore_dropped_database_id": null,
            "restore_point_in_time": null,
            "sample_name": null,
            "server_id": "/subscriptions/84b59ae2-aea4-4beb-9c05-8aec97896af8/resourceGroups/app-grp/providers/Microsoft.Sql/servers/sqlserver400908",
            "short_term_retention_policy": [
              {
                "backup_interval_in_hours": 24,
                "retention_days": 7
              }
            ],
            "sku_name": "S0",
            "storage_account_type": "Geo",
            "tags": {},
            "threat_detection_policy": [
              {
                "disabled_alerts": [],
                "email_account_admins": "Disabled",
                "email_addresses": [],
                "retention_days": 0,
                "state": "Disabled",
                "storage_account_access_key": "",
                "storage_endpoint": ""
              }
            ],
            "timeouts": null,
            "transparent_data_encryption_enabled": true,
            "zone_redundant": false
          },
          "sensitive_attributes": [],
          "private": "eyJlMmJmYjczMC1lY2FhLTExZTYtOGY4OC0zNDM2M2JjN2M0YzAiOnsiY3JlYXRlIjozNjAwMDAwMDAwMDAwLCJkZWxldGUiOjM2MDAwMDAwMDAwMDAsInJlYWQiOjMwMDAwMDAwMDAwMCwidXBkYXRlIjozNjAwMDAwMDAwMDAwfSwic2NoZW1hX3ZlcnNpb24iOiIxIn0=",
          "dependencies": [
            "azurerm_mssql_server.sqlserver",
            "azurerm_resource_group.appgrp"
          ]
        }
      ]
    },
    {
      "mode": "managed",
      "type": "azurerm_mssql_database",
      "name": "newdb",
      "provider": "provider[\"registry.terraform.io/hashicorp/azurerm\"]",
      "instances": [
        {
          "schema_version": 1,
          "attributes": {
            "auto_pause_delay_in_minutes": 0,
            "collation": "SQL_Latin1_General_CP1_CI_AS",
            "create_mode": "Default",
            "creation_source_database_id": null,
            "elastic_pool_id": "",
            "geo_backup_enabled": true,
            "id": "/subscriptions/84b59ae2-aea4-4beb-9c05-8aec97896af8/resourceGroups/app-grp/providers/Microsoft.Sql/servers/sqlserver400908/databases/newdb",
            "import": [],
            "ledger_enabled": false,
            "license_type": "LicenseIncluded",
            "long_term_retention_policy": [
              {
                "monthly_retention": "PT0S",
                "week_of_year": 1,
                "weekly_retention": "PT0S",
                "yearly_retention": "PT0S"
              }
            ],
            "maintenance_configuration_name": "SQL_Default",
            "max_size_gb": 2,
            "min_capacity": 0,
            "name": "newdb",
            "read_replica_count": 0,
            "read_scale": false,
            "recover_database_id": null,
            "restore_dropped_database_id": null,
            "restore_point_in_time": null,
            "sample_name": null,
            "server_id": "/subscriptions/84b59ae2-aea4-4beb-9c05-8aec97896af8/resourceGroups/app-grp/providers/Microsoft.Sql/servers/sqlserver400908",
            "short_term_retention_policy": [
              {
                "backup_interval_in_hours": 24,
                "retention_days": 7
              }
            ],
            "sku_name": "Basic",
            "storage_account_type": "Geo",
            "tags": {},
            "threat_detection_policy": [
              {
                "disabled_alerts": [],
                "email_account_admins": "Disabled",
                "email_addresses": [],
                "retention_days": 0,
                "state": "Disabled",
                "storage_account_access_key": "",
                "storage_endpoint": ""
              }
            ],
            "timeouts": null,
            "transparent_data_encryption_enabled": true,
            "zone_redundant": false
          },
          "sensitive_attributes": [],
          "private": "eyJlMmJmYjczMC1lY2FhLTExZTYtOGY4OC0zNDM2M2JjN2M0YzAiOnsiY3JlYXRlIjozNjAwMDAwMDAwMDAwLCJkZWxldGUiOjM2MDAwMDAwMDAwMDAsInJlYWQiOjMwMDAwMDAwMDAwMCwidXBkYXRlIjozNjAwMDAwMDAwMDAwfSwic2NoZW1hX3ZlcnNpb24iOiIxIn0=",
          "dependencies": [
            "azurerm_mssql_server.sqlserver",
            "azurerm_resource_group.appgrp"
          ]
        }
      ]
    },
    {
      "mode": "managed",
      "type": "azurerm_mssql_database_extended_auditing_policy",
      "name": "sqlauditing",
      "provider": "provider[\"registry.terraform.io/hashicorp/azurerm\"]",
      "instances": [
        {
          "schema_version": 0,
          "attributes": {
            "database_id": "/subscriptions/84b59ae2-aea4-4beb-9c05-8aec97896af8/resourceGroups/app-grp/providers/Microsoft.Sql/servers/sqlserver400908/databases/appdb",
            "enabled": true,
            "id": "/subscriptions/84b59ae2-aea4-4beb-9c05-8aec97896af8/resourceGroups/app-grp/providers/Microsoft.Sql/servers/sqlserver400908/databases/appdb/extendedAuditingSettings/Default",
            "log_monitoring_enabled": true,
            "retention_in_days": 0,
            "storage_account_access_key": null,
            "storage_account_access_key_is_secondary": false,
            "storage_endpoint": "",
            "timeouts": null
          },
          "sensitive_attributes": [],
          "private": "eyJlMmJmYjczMC1lY2FhLTExZTYtOGY4OC0zNDM2M2JjN2M0YzAiOnsiY3JlYXRlIjoxODAwMDAwMDAwMDAwLCJkZWxldGUiOjE4MDAwMDAwMDAwMDAsInJlYWQiOjMwMDAwMDAwMDAwMCwidXBkYXRlIjoxODAwMDAwMDAwMDAwfX0=",
          "dependencies": [
            "azurerm_mssql_database.appdb",
            "azurerm_mssql_server.sqlserver",
            "azurerm_resource_group.appgrp"
          ]
        }
      ]
    },
    {
      "mode": "managed",
      "type": "azurerm_mssql_firewall_rule",
      "name": "allowmyclient",
      "provider": "provider[\"registry.terraform.io/hashicorp/azurerm\"]",
      "instances": [
        {
          "schema_version": 0,
          "attributes": {
            "end_ip_address": "86.98.123.24",
            "id": "/subscriptions/84b59ae2-aea4-4beb-9c05-8aec97896af8/resourceGroups/app-grp/providers/Microsoft.Sql/servers/sqlserver400908/firewallRules/AllowClientIP",
            "name": "AllowClientIP",
            "server_id": "/subscriptions/84b59ae2-aea4-4beb-9c05-8aec97896af8/resourceGroups/app-grp/providers/Microsoft.Sql/servers/sqlserver400908",
            "start_ip_address": "86.98.123.24",
            "timeouts": null
          },
          "sensitive_attributes": [],
          "private": "eyJlMmJmYjczMC1lY2FhLTExZTYtOGY4OC0zNDM2M2JjN2M0YzAiOnsiY3JlYXRlIjoxODAwMDAwMDAwMDAwLCJkZWxldGUiOjE4MDAwMDAwMDAwMDAsInJlYWQiOjMwMDAwMDAwMDAwMCwidXBkYXRlIjoxODAwMDAwMDAwMDAwfX0=",
          "dependencies": [
            "azurerm_mssql_server.sqlserver",
            "azurerm_resource_group.appgrp"
          ]
        }
      ]
    },
    {
      "mode": "managed",
      "type": "azurerm_mssql_server",
      "name": "sqlserver",
      "provider": "provider[\"registry.terraform.io/hashicorp/azurerm\"]",
      "instances": [
        {
          "schema_version": 0,
          "attributes": {
            "administrator_login": "sqladmin",
            "administrator_login_password": "Azure@3456",
            "azuread_administrator": [],
            "connection_policy": "Default",
            "fully_qualified_domain_name": "sqlserver400908.database.windows.net",
            "id": "/subscriptions/84b59ae2-aea4-4beb-9c05-8aec97896af8/resourceGroups/app-grp/providers/Microsoft.Sql/servers/sqlserver400908",
            "identity": [],
            "location": "northeurope",
            "minimum_tls_version": "1.2",
            "name": "sqlserver400908",
            "outbound_network_restriction_enabled": false,
            "primary_user_assigned_identity_id": "",
            "public_network_access_enabled": true,
            "resource_group_name": "app-grp",
            "restorable_dropped_database_ids": [],
            "tags": {},
            "timeouts": null,
            "transparent_data_encryption_key_vault_key_id": "",
            "version": "12.0"
          },
          "sensitive_attributes": [],
          "private": "eyJlMmJmYjczMC1lY2FhLTExZTYtOGY4OC0zNDM2M2JjN2M0YzAiOnsiY3JlYXRlIjozNjAwMDAwMDAwMDAwLCJkZWxldGUiOjM2MDAwMDAwMDAwMDAsInJlYWQiOjMwMDAwMDAwMDAwMCwidXBkYXRlIjozNjAwMDAwMDAwMDAwfX0=",
          "dependencies": [
            "azurerm_resource_group.appgrp"
          ]
        }
      ]
    },
    {
      "mode": "managed",
      "type": "azurerm_resource_group",
      "name": "appgrp",
      "provider": "provider[\"registry.terraform.io/hashicorp/azurerm\"]",
      "instances": [
        {
          "schema_version": 0,
          "attributes": {
            "id": "/subscriptions/84b59ae2-aea4-4beb-9c05-8aec97896af8/resourceGroups/app-grp",
            "location": "northeurope",
            "managed_by": "",
            "name": "app-grp",
            "tags": {},
            "timeouts": null
          },
          "sensitive_attributes": [],
          "private": "eyJlMmJmYjczMC1lY2FhLTExZTYtOGY4OC0zNDM2M2JjN2M0YzAiOnsiY3JlYXRlIjo1NDAwMDAwMDAwMDAwLCJkZWxldGUiOjU0MDAwMDAwMDAwMDAsInJlYWQiOjMwMDAwMDAwMDAwMCwidXBkYXRlIjo1NDAwMDAwMDAwMDAwfX0="
        }
      ]
    },
    {
      "mode": "managed",
      "type": "azurerm_service_plan",
      "name": "companyplan",
      "provider": "provider[\"registry.terraform.io/hashicorp/azurerm\"]",
      "instances": [
        {
          "schema_version": 0,
          "attributes": {
            "app_service_environment_id": "",
            "id": "/subscriptions/84b59ae2-aea4-4beb-9c05-8aec97896af8/resourceGroups/app-grp/providers/Microsoft.Web/serverfarms/companyplan",
            "kind": "app",
            "location": "northeurope",
            "maximum_elastic_worker_count": 1,
            "name": "companyplan",
            "os_type": "Windows",
            "per_site_scaling_enabled": false,
            "reserved": false,
            "resource_group_name": "app-grp",
            "sku_name": "S1",
            "tags": {},
            "timeouts": null,
            "worker_count": 1,
            "zone_balancing_enabled": false
          },
          "sensitive_attributes": [],
          "private": "eyJlMmJmYjczMC1lY2FhLTExZTYtOGY4OC0zNDM2M2JjN2M0YzAiOnsiY3JlYXRlIjozNjAwMDAwMDAwMDAwLCJkZWxldGUiOjM2MDAwMDAwMDAwMDAsInJlYWQiOjMwMDAwMDAwMDAwMCwidXBkYXRlIjozNjAwMDAwMDAwMDAwfX0=",
          "dependencies": [
            "azurerm_resource_group.appgrp"
          ]
        }
      ]
    },
    {
      "mode": "managed",
      "type": "azurerm_storage_account",
      "name": "webstore566565637",
      "provider": "provider[\"registry.terraform.io/hashicorp/azurerm\"]",
      "instances": [
        {
          "schema_version": 4,
          "attributes": {
            "access_tier": "Hot",
            "account_kind": "StorageV2",
            "account_replication_type": "LRS",
            "account_tier": "Standard",
            "allow_nested_items_to_be_public": true,
            "allowed_copy_scope": "",
            "azure_files_authentication": [],
            "blob_properties": [
              {
                "change_feed_enabled": false,
                "change_feed_retention_in_days": 0,
                "container_delete_retention_policy": [],
                "cors_rule": [],
                "default_service_version": "",
                "delete_retention_policy": [],
                "last_access_time_enabled": false,
                "restore_policy": [],
                "versioning_enabled": false
              }
            ],
            "cross_tenant_replication_enabled": true,
            "custom_domain": [],
            "customer_managed_key": [],
            "default_to_oauth_authentication": false,
            "edge_zone": "",
            "enable_https_traffic_only": true,
            "id": "/subscriptions/84b59ae2-aea4-4beb-9c05-8aec97896af8/resourceGroups/app-grp/providers/Microsoft.Storage/storageAccounts/webstore566565637",
            "identity": [],
            "immutability_policy": [],
            "infrastructure_encryption_enabled": false,
            "is_hns_enabled": false,
            "large_file_share_enabled": null,
            "location": "northeurope",
            "min_tls_version": "TLS1_2",
            "name": "webstore566565637",
            "network_rules": [
              {
                "bypass": [
                  "AzureServices"
                ],
                "default_action": "Allow",
                "ip_rules": [],
                "private_link_access": [],
                "virtual_network_subnet_ids": []
              }
            ],
            "nfsv3_enabled": false,
            "primary_access_key": "S1uFOnaqC8Se2eoMYydNhLbG6GdcRoBw1wGdbZVL/Zwit6ms8NnbQBkZd0l/8qv0U94ki6FQh8Bx+AStZa2g6A==",
            "primary_blob_connection_string": "DefaultEndpointsProtocol=https;BlobEndpoint=https://webstore566565637.blob.core.windows.net/;AccountName=webstore566565637;AccountKey=S1uFOnaqC8Se2eoMYydNhLbG6GdcRoBw1wGdbZVL/Zwit6ms8NnbQBkZd0l/8qv0U94ki6FQh8Bx+AStZa2g6A==",
            "primary_blob_endpoint": "https://webstore566565637.blob.core.windows.net/",
            "primary_blob_host": "webstore566565637.blob.core.windows.net",
            "primary_connection_string": "DefaultEndpointsProtocol=https;AccountName=webstore566565637;AccountKey=S1uFOnaqC8Se2eoMYydNhLbG6GdcRoBw1wGdbZVL/Zwit6ms8NnbQBkZd0l/8qv0U94ki6FQh8Bx+AStZa2g6A==;EndpointSuffix=core.windows.net",
            "primary_dfs_endpoint": "https://webstore566565637.dfs.core.windows.net/",
            "primary_dfs_host": "webstore566565637.dfs.core.windows.net",
            "primary_file_endpoint": "https://webstore566565637.file.core.windows.net/",
            "primary_file_host": "webstore566565637.file.core.windows.net",
            "primary_location": "northeurope",
            "primary_queue_endpoint": "https://webstore566565637.queue.core.windows.net/",
            "primary_queue_host": "webstore566565637.queue.core.windows.net",
            "primary_table_endpoint": "https://webstore566565637.table.core.windows.net/",
            "primary_table_host": "webstore566565637.table.core.windows.net",
            "primary_web_endpoint": "https://webstore566565637.z16.web.core.windows.net/",
            "primary_web_host": "webstore566565637.z16.web.core.windows.net",
            "public_network_access_enabled": true,
            "queue_encryption_key_type": "Service",
            "queue_properties": [
              {
                "cors_rule": [],
                "hour_metrics": [
                  {
                    "enabled": true,
                    "include_apis": true,
                    "retention_policy_days": 7,
                    "version": "1.0"
                  }
                ],
                "logging": [
                  {
                    "delete": false,
                    "read": false,
                    "retention_policy_days": 0,
                    "version": "1.0",
                    "write": false
                  }
                ],
                "minute_metrics": [
                  {
                    "enabled": false,
                    "include_apis": false,
                    "retention_policy_days": 0,
                    "version": "1.0"
                  }
                ]
              }
            ],
            "resource_group_name": "app-grp",
            "routing": [],
            "sas_policy": [],
            "secondary_access_key": "cjXMUm/3eyYJaEufGIsXG1OJZB2llRUQOpOxk4HUdKZaAnnVOj2sTRP1mmpSba6VvHnodQFesu8q+ASta+RBqw==",
            "secondary_blob_connection_string": "",
            "secondary_blob_endpoint": null,
            "secondary_blob_host": null,
            "secondary_connection_string": "DefaultEndpointsProtocol=https;AccountName=webstore566565637;AccountKey=cjXMUm/3eyYJaEufGIsXG1OJZB2llRUQOpOxk4HUdKZaAnnVOj2sTRP1mmpSba6VvHnodQFesu8q+ASta+RBqw==;EndpointSuffix=core.windows.net",
            "secondary_dfs_endpoint": null,
            "secondary_dfs_host": null,
            "secondary_file_endpoint": null,
            "secondary_file_host": null,
            "secondary_location": "",
            "secondary_queue_endpoint": null,
            "secondary_queue_host": null,
            "secondary_table_endpoint": null,
            "secondary_table_host": null,
            "secondary_web_endpoint": null,
            "secondary_web_host": null,
            "sftp_enabled": false,
            "share_properties": [
              {
                "cors_rule": [],
                "retention_policy": [
                  {
                    "days": 7
                  }
                ],
                "smb": []
              }
            ],
            "shared_access_key_enabled": true,
            "static_website": [],
            "table_encryption_key_type": "Service",
            "tags": {},
            "timeouts": null
          },
          "sensitive_attributes": [],
          "private": "eyJlMmJmYjczMC1lY2FhLTExZTYtOGY4OC0zNDM2M2JjN2M0YzAiOnsiY3JlYXRlIjozNjAwMDAwMDAwMDAwLCJkZWxldGUiOjM2MDAwMDAwMDAwMDAsInJlYWQiOjMwMDAwMDAwMDAwMCwidXBkYXRlIjozNjAwMDAwMDAwMDAwfSwic2NoZW1hX3ZlcnNpb24iOiI0In0=",
          "dependencies": [
            "azurerm_resource_group.appgrp"
          ]
        }
      ]
    },
    {
      "mode": "managed",
      "type": "azurerm_storage_container",
      "name": "logs",
      "provider": "provider[\"registry.terraform.io/hashicorp/azurerm\"]",
      "instances": [
        {
          "schema_version": 1,
          "attributes": {
            "container_access_type": "blob",
            "has_immutability_policy": false,
            "has_legal_hold": false,
            "id": "https://webstore566565637.blob.core.windows.net/logs",
            "metadata": {},
            "name": "logs",
            "resource_manager_id": "/subscriptions/84b59ae2-aea4-4beb-9c05-8aec97896af8/resourceGroups/app-grp/providers/Microsoft.Storage/storageAccounts/webstore566565637/blobServices/default/containers/logs",
            "storage_account_name": "webstore566565637",
            "timeouts": null
          },
          "sensitive_attributes": [],
          "private": "eyJlMmJmYjczMC1lY2FhLTExZTYtOGY4OC0zNDM2M2JjN2M0YzAiOnsiY3JlYXRlIjoxODAwMDAwMDAwMDAwLCJkZWxldGUiOjE4MDAwMDAwMDAwMDAsInJlYWQiOjMwMDAwMDAwMDAwMCwidXBkYXRlIjoxODAwMDAwMDAwMDAwfSwic2NoZW1hX3ZlcnNpb24iOiIxIn0=",
          "dependencies": [
            "azurerm_resource_group.appgrp",
            "azurerm_storage_account.webstore566565637"
          ]
        }
      ]
    },
    {
      "mode": "managed",
      "type": "azurerm_web_app_active_slot",
      "name": "staging",
      "provider": "provider[\"registry.terraform.io/hashicorp/azurerm\"]",
      "instances": [
        {
          "schema_version": 0,
          "attributes": {
            "id": "/subscriptions/84b59ae2-aea4-4beb-9c05-8aec97896af8/resourceGroups/app-grp/providers/Microsoft.Web/sites/companyapp10001111",
            "last_successful_swap": "2023-12-07T03:27:54.269Z",
            "overwrite_network_config": true,
            "slot_id": "/subscriptions/84b59ae2-aea4-4beb-9c05-8aec97896af8/resourceGroups/app-grp/providers/Microsoft.Web/sites/companyapp10001111/slots/staging",
            "timeouts": null
          },
          "sensitive_attributes": [],
          "private": "eyJlMmJmYjczMC1lY2FhLTExZTYtOGY4OC0zNDM2M2JjN2M0YzAiOnsiY3JlYXRlIjoxODAwMDAwMDAwMDAwLCJkZWxldGUiOjMwMDAwMDAwMDAwMCwicmVhZCI6MzAwMDAwMDAwMDAwLCJ1cGRhdGUiOjE4MDAwMDAwMDAwMDB9fQ==",
          "dependencies": [
            "azurerm_resource_group.appgrp",
            "azurerm_service_plan.companyplan",
            "azurerm_storage_account.webstore566565637",
            "azurerm_storage_container.logs",
            "azurerm_windows_web_app.companyapp10001111",
            "azurerm_windows_web_app_slot.staging",
            "data.azurerm_storage_account_blob_container_sas.accountsas"
          ]
        }
      ]
    },
    {
      "mode": "managed",
      "type": "azurerm_windows_web_app",
      "name": "companyapp10001111",
      "provider": "provider[\"registry.terraform.io/hashicorp/azurerm\"]",
      "instances": [
        {
          "schema_version": 0,
          "attributes": {
            "app_settings": {},
            "auth_settings": [],
            "auth_settings_v2": [],
            "backup": [],
            "client_affinity_enabled": false,
            "client_certificate_enabled": false,
            "client_certificate_exclusion_paths": "",
            "client_certificate_mode": "Required",
            "connection_string": [],
            "custom_domain_verification_id": "A0131257A9D0B46A84C36555176526A6679DFA0F0FB1E369C816E9B1FCCB73C1",
            "default_hostname": "companyapp10001111.azurewebsites.net",
            "enabled": true,
            "ftp_publish_basic_authentication_enabled": true,
            "hosting_environment_id": "",
            "https_only": false,
            "id": "/subscriptions/84b59ae2-aea4-4beb-9c05-8aec97896af8/resourceGroups/app-grp/providers/Microsoft.Web/sites/companyapp10001111",
            "identity": [],
            "key_vault_reference_identity_id": "SystemAssigned",
            "kind": "app",
            "location": "northeurope",
            "logs": [
              {
                "application_logs": [],
                "detailed_error_messages": true,
                "failed_request_tracing": false,
                "http_logs": [
                  {
                    "azure_blob_storage": [
                      {
                        "retention_in_days": 7,
                        "sas_url": "https://webstore566565637.blob.core.windows.net/logs?sv=2018-11-09\u0026sr=c\u0026st=2022-06-01\u0026se=2022-06-30\u0026sp=rawdl\u0026spr=https\u0026sig=mihPAz1my6hjevjORDXK05ndwObp1MpV4%2Fzz%2FHklQYo%3D"
                      }
                    ],
                    "file_system": []
                  }
                ]
              }
            ],
            "name": "companyapp10001111",
            "outbound_ip_address_list": [
              "20.166.208.247",
              "20.166.209.166",
              "20.166.210.4",
              "20.166.210.25",
              "20.166.210.32",
              "20.166.210.232",
              "20.166.212.162",
              "20.166.212.168",
              "20.166.212.178",
              "20.166.212.191",
              "20.166.212.199",
              "20.166.212.207",
              "20.166.212.241",
              "20.166.212.254",
              "20.166.213.2",
              "20.166.213.18",
              "20.166.213.27",
              "20.166.213.31",
              "20.107.224.37"
            ],
            "outbound_ip_addresses": "20.166.208.247,20.166.209.166,20.166.210.4,20.166.210.25,20.166.210.32,20.166.210.232,20.166.212.162,20.166.212.168,20.166.212.178,20.166.212.191,20.166.212.199,20.166.212.207,20.166.212.241,20.166.212.254,20.166.213.2,20.166.213.18,20.166.213.27,20.166.213.31,20.107.224.37",
            "possible_outbound_ip_address_list": [
              "20.166.208.247",
              "20.166.209.166",
              "20.166.210.4",
              "20.166.210.25",
              "20.166.210.32",
              "20.166.210.232",
              "20.166.212.162",
              "20.166.212.168",
              "20.166.212.178",
              "20.166.212.191",
              "20.166.212.199",
              "20.166.212.207",
              "20.166.212.241",
              "20.166.212.254",
              "20.166.213.2",
              "20.166.213.18",
              "20.166.213.27",
              "20.166.213.31",
              "20.166.211.44",
              "20.166.211.64",
              "20.166.211.68",
              "20.166.211.212",
              "20.166.212.1",
              "20.166.212.5",
              "20.166.212.30",
              "20.166.212.32",
              "20.166.212.59",
              "20.166.212.64",
              "20.166.212.68",
              "20.166.212.81",
              "20.166.212.87",
              "20.166.212.94",
              "20.166.212.97",
              "20.166.212.98",
              "20.166.212.148",
              "20.166.212.151",
              "20.166.212.162",
              "20.166.212.168",
              "20.166.212.178",
              "20.166.212.191",
              "20.166.212.199",
              "20.166.212.207",
              "20.166.212.241",
              "20.166.212.254",
              "20.166.213.2",
              "20.166.213.18",
              "20.166.213.27",
              "20.166.213.31",
              "20.166.213.50",
              "20.166.213.97",
              "20.166.213.113",
              "20.166.213.138",
              "20.166.213.157",
              "20.166.213.161",
              "20.107.224.37"
            ],
            "possible_outbound_ip_addresses": "20.166.208.247,20.166.209.166,20.166.210.4,20.166.210.25,20.166.210.32,20.166.210.232,20.166.212.162,20.166.212.168,20.166.212.178,20.166.212.191,20.166.212.199,20.166.212.207,20.166.212.241,20.166.212.254,20.166.213.2,20.166.213.18,20.166.213.27,20.166.213.31,20.166.211.44,20.166.211.64,20.166.211.68,20.166.211.212,20.166.212.1,20.166.212.5,20.166.212.30,20.166.212.32,20.166.212.59,20.166.212.64,20.166.212.68,20.166.212.81,20.166.212.87,20.166.212.94,20.166.212.97,20.166.212.98,20.166.212.148,20.166.212.151,20.166.212.162,20.166.212.168,20.166.212.178,20.166.212.191,20.166.212.199,20.166.212.207,20.166.212.241,20.166.212.254,20.166.213.2,20.166.213.18,20.166.213.27,20.166.213.31,20.166.213.50,20.166.213.97,20.166.213.113,20.166.213.138,20.166.213.157,20.166.213.161,20.107.224.37",
            "public_network_access_enabled": true,
            "resource_group_name": "app-grp",
            "service_plan_id": "/subscriptions/84b59ae2-aea4-4beb-9c05-8aec97896af8/resourceGroups/app-grp/providers/Microsoft.Web/serverfarms/companyplan",
            "site_config": [
              {
                "always_on": true,
                "api_definition_url": "",
                "api_management_api_id": "",
                "app_command_line": "",
                "application_stack": [
                  {
                    "current_stack": "dotnet",
                    "docker_container_name": "",
                    "docker_container_registry": "",
                    "docker_container_tag": "",
                    "docker_image_name": "",
                    "docker_registry_password": "",
                    "docker_registry_url": "",
                    "docker_registry_username": "",
                    "dotnet_core_version": "",
                    "dotnet_version": "v6.0",
                    "java_container": "",
                    "java_container_version": "",
                    "java_embedded_server_enabled": false,
                    "java_version": "",
                    "node_version": "6.9.1",
                    "php_version": "5.6",
                    "python": false,
                    "python_version": "",
                    "tomcat_version": ""
                  }
                ],
                "auto_heal_enabled": false,
                "auto_heal_setting": [],
                "container_registry_managed_identity_client_id": "",
                "container_registry_use_managed_identity": false,
                "cors": [],
                "default_documents": [
                  "Default.htm",
                  "Default.html",
                  "Default.asp",
                  "index.htm",
                  "index.html",
                  "iisstart.htm",
                  "default.aspx",
                  "index.php",
                  "hostingstart.html"
                ],
                "detailed_error_logging_enabled": true,
                "ftps_state": "Disabled",
                "health_check_eviction_time_in_min": 0,
                "health_check_path": "",
                "http2_enabled": false,
                "ip_restriction": [
                  {
                    "action": "Deny",
                    "headers": [],
                    "ip_address": "0.0.0.0/0",
                    "name": "Deny_AllTraffic",
                    "priority": 200,
                    "service_tag": "",
                    "virtual_network_subnet_id": ""
                  }
                ],
                "linux_fx_version": "",
                "load_balancing_mode": "LeastRequests",
                "local_mysql_enabled": false,
                "managed_pipeline_mode": "Integrated",
                "minimum_tls_version": "1.2",
                "remote_debugging_enabled": false,
                "remote_debugging_version": "VS2019",
                "scm_ip_restriction": [],
                "scm_minimum_tls_version": "1.2",
                "scm_type": "None",
                "scm_use_main_ip_restriction": false,
                "use_32_bit_worker": true,
                "virtual_application": [],
                "vnet_route_all_enabled": false,
                "websockets_enabled": false,
                "windows_fx_version": "",
                "worker_count": 1
              }
            ],
            "site_credential": [
              {
                "name": "$companyapp10001111",
                "password": "AMsyJMbgbSpXm0FYAt0cTnKEbwXyNKb0yvuTcczj0ngrWKP3qFj8a35mzjQd"
              }
            ],
            "sticky_settings": [],
            "storage_account": [],
            "tags": {},
            "timeouts": null,
            "virtual_network_subnet_id": "",
            "webdeploy_publish_basic_authentication_enabled": true,
            "zip_deploy_file": ""
          },
          "sensitive_attributes": [
            [
              {
                "type": "get_attr",
                "value": "logs"
              },
              {
                "type": "index",
                "value": {
                  "value": 0,
                  "type": "number"
                }
              },
              {
                "type": "get_attr",
                "value": "http_logs"
              },
              {
                "type": "index",
                "value": {
                  "value": 0,
                  "type": "number"
                }
              },
              {
                "type": "get_attr",
                "value": "azure_blob_storage"
              },
              {
                "type": "index",
                "value": {
                  "value": 0,
                  "type": "number"
                }
              },
              {
                "type": "get_attr",
                "value": "sas_url"
              }
            ]
          ],
          "private": "eyJlMmJmYjczMC1lY2FhLTExZTYtOGY4OC0zNDM2M2JjN2M0YzAiOnsiY3JlYXRlIjoxODAwMDAwMDAwMDAwLCJkZWxldGUiOjE4MDAwMDAwMDAwMDAsInJlYWQiOjMwMDAwMDAwMDAwMCwidXBkYXRlIjoxODAwMDAwMDAwMDAwfX0=",
          "dependencies": [
            "azurerm_resource_group.appgrp",
            "azurerm_service_plan.companyplan",
            "azurerm_storage_account.webstore566565637",
            "azurerm_storage_container.logs",
            "data.azurerm_storage_account_blob_container_sas.accountsas"
          ]
        }
      ]
    },
    {
      "mode": "managed",
      "type": "azurerm_windows_web_app_slot",
      "name": "staging",
      "provider": "provider[\"registry.terraform.io/hashicorp/azurerm\"]",
      "instances": [
        {
          "schema_version": 0,
          "attributes": {
            "app_service_id": "/subscriptions/84b59ae2-aea4-4beb-9c05-8aec97896af8/resourceGroups/app-grp/providers/Microsoft.Web/sites/companyapp10001111",
            "app_settings": {},
            "auth_settings": [],
            "auth_settings_v2": [],
            "backup": [],
            "client_affinity_enabled": false,
            "client_certificate_enabled": false,
            "client_certificate_exclusion_paths": "",
            "client_certificate_mode": "Required",
            "connection_string": [],
            "custom_domain_verification_id": "A0131257A9D0B46A84C36555176526A6679DFA0F0FB1E369C816E9B1FCCB73C1",
            "default_hostname": "companyapp10001111-staging.azurewebsites.net",
            "enabled": true,
            "ftp_publish_basic_authentication_enabled": true,
            "hosting_environment_id": "",
            "https_only": false,
            "id": "/subscriptions/84b59ae2-aea4-4beb-9c05-8aec97896af8/resourceGroups/app-grp/providers/Microsoft.Web/sites/companyapp10001111/slots/staging",
            "identity": [],
            "key_vault_reference_identity_id": "SystemAssigned",
            "kind": "app",
            "logs": [],
            "name": "staging",
            "outbound_ip_address_list": [
              "20.166.208.247",
              "20.166.209.166",
              "20.166.210.4",
              "20.166.210.25",
              "20.166.210.32",
              "20.166.210.232",
              "20.166.212.162",
              "20.166.212.168",
              "20.166.212.178",
              "20.166.212.191",
              "20.166.212.199",
              "20.166.212.207",
              "20.166.212.241",
              "20.166.212.254",
              "20.166.213.2",
              "20.166.213.18",
              "20.166.213.27",
              "20.166.213.31",
              "20.107.224.37"
            ],
            "outbound_ip_addresses": "20.166.208.247,20.166.209.166,20.166.210.4,20.166.210.25,20.166.210.32,20.166.210.232,20.166.212.162,20.166.212.168,20.166.212.178,20.166.212.191,20.166.212.199,20.166.212.207,20.166.212.241,20.166.212.254,20.166.213.2,20.166.213.18,20.166.213.27,20.166.213.31,20.107.224.37",
            "possible_outbound_ip_address_list": [
              "20.166.208.247",
              "20.166.209.166",
              "20.166.210.4",
              "20.166.210.25",
              "20.166.210.32",
              "20.166.210.232",
              "20.166.212.162",
              "20.166.212.168",
              "20.166.212.178",
              "20.166.212.191",
              "20.166.212.199",
              "20.166.212.207",
              "20.166.212.241",
              "20.166.212.254",
              "20.166.213.2",
              "20.166.213.18",
              "20.166.213.27",
              "20.166.213.31",
              "20.166.211.44",
              "20.166.211.64",
              "20.166.211.68",
              "20.166.211.212",
              "20.166.212.1",
              "20.166.212.5",
              "20.166.212.30",
              "20.166.212.32",
              "20.166.212.59",
              "20.166.212.64",
              "20.166.212.68",
              "20.166.212.81",
              "20.166.212.87",
              "20.166.212.94",
              "20.166.212.97",
              "20.166.212.98",
              "20.166.212.148",
              "20.166.212.151",
              "20.166.212.162",
              "20.166.212.168",
              "20.166.212.178",
              "20.166.212.191",
              "20.166.212.199",
              "20.166.212.207",
              "20.166.212.241",
              "20.166.212.254",
              "20.166.213.2",
              "20.166.213.18",
              "20.166.213.27",
              "20.166.213.31",
              "20.166.213.50",
              "20.166.213.97",
              "20.166.213.113",
              "20.166.213.138",
              "20.166.213.157",
              "20.166.213.161",
              "20.107.224.37"
            ],
            "possible_outbound_ip_addresses": "20.166.208.247,20.166.209.166,20.166.210.4,20.166.210.25,20.166.210.32,20.166.210.232,20.166.212.162,20.166.212.168,20.166.212.178,20.166.212.191,20.166.212.199,20.166.212.207,20.166.212.241,20.166.212.254,20.166.213.2,20.166.213.18,20.166.213.27,20.166.213.31,20.166.211.44,20.166.211.64,20.166.211.68,20.166.211.212,20.166.212.1,20.166.212.5,20.166.212.30,20.166.212.32,20.166.212.59,20.166.212.64,20.166.212.68,20.166.212.81,20.166.212.87,20.166.212.94,20.166.212.97,20.166.212.98,20.166.212.148,20.166.212.151,20.166.212.162,20.166.212.168,20.166.212.178,20.166.212.191,20.166.212.199,20.166.212.207,20.166.212.241,20.166.212.254,20.166.213.2,20.166.213.18,20.166.213.27,20.166.213.31,20.166.213.50,20.166.213.97,20.166.213.113,20.166.213.138,20.166.213.157,20.166.213.161,20.107.224.37",
            "public_network_access_enabled": true,
            "service_plan_id": "",
            "site_config": [
              {
                "always_on": true,
                "api_definition_url": "",
                "api_management_api_id": "",
                "app_command_line": "",
                "application_stack": [
                  {
                    "current_stack": "dotnet",
                    "docker_container_name": "",
                    "docker_container_registry": "",
                    "docker_container_tag": "",
                    "docker_image_name": "",
                    "docker_registry_password": "",
                    "docker_registry_url": "",
                    "docker_registry_username": "",
                    "dotnet_core_version": "",
                    "dotnet_version": "v6.0",
                    "java_container": "",
                    "java_container_version": "",
                    "java_embedded_server_enabled": false,
                    "java_version": "",
                    "node_version": "",
                    "php_version": "5.6",
                    "python": false,
                    "python_version": "",
                    "tomcat_version": ""
                  }
                ],
                "auto_heal_enabled": false,
                "auto_heal_setting": [],
                "auto_swap_slot_name": "",
                "container_registry_managed_identity_client_id": "",
                "container_registry_use_managed_identity": false,
                "cors": [],
                "default_documents": [
                  "Default.htm",
                  "Default.html",
                  "Default.asp",
                  "index.htm",
                  "index.html",
                  "iisstart.htm",
                  "default.aspx",
                  "index.php",
                  "hostingstart.html"
                ],
                "detailed_error_logging_enabled": false,
                "ftps_state": "Disabled",
                "health_check_eviction_time_in_min": 0,
                "health_check_path": "",
                "http2_enabled": false,
                "ip_restriction": [],
                "load_balancing_mode": "LeastRequests",
                "local_mysql_enabled": false,
                "managed_pipeline_mode": "Integrated",
                "minimum_tls_version": "1.2",
                "remote_debugging_enabled": false,
                "remote_debugging_version": "VS2019",
                "scm_ip_restriction": [],
                "scm_minimum_tls_version": "1.2",
                "scm_type": "None",
                "scm_use_main_ip_restriction": false,
                "use_32_bit_worker": true,
                "virtual_application": [],
                "vnet_route_all_enabled": false,
                "websockets_enabled": false,
                "windows_fx_version": "",
                "worker_count": 1
              }
            ],
            "site_credential": [
              {
                "name": "$companyapp10001111__staging",
                "password": "Z1pmZGwNBriEddMZexognkwmeaGuaAHSTdbDBZXZNDdzkCa2rlf0CyXoQYly"
              }
            ],
            "storage_account": [],
            "tags": {},
            "timeouts": null,
            "virtual_network_subnet_id": "",
            "webdeploy_publish_basic_authentication_enabled": true,
            "zip_deploy_file": ""
          },
          "sensitive_attributes": [],
          "private": "eyJlMmJmYjczMC1lY2FhLTExZTYtOGY4OC0zNDM2M2JjN2M0YzAiOnsiY3JlYXRlIjoxODAwMDAwMDAwMDAwLCJkZWxldGUiOjE4MDAwMDAwMDAwMDAsInJlYWQiOjMwMDAwMDAwMDAwMCwidXBkYXRlIjoxODAwMDAwMDAwMDAwfX0=",
          "dependencies": [
            "azurerm_resource_group.appgrp",
            "azurerm_service_plan.companyplan",
            "azurerm_storage_account.webstore566565637",
            "azurerm_storage_container.logs",
            "azurerm_windows_web_app.companyapp10001111",
            "data.azurerm_storage_account_blob_container_sas.accountsas"
          ]
        }
      ]
    }
  ],
  "check_results": null
}
